// !$*UTF8*$!
{
	archiveVersion = 1;
	classes = {
	};
	objectVersion = 56;
	objects = {

/* Begin PBXBuildFile section */
		5BE62E4C2B83C3610040C058 /* AppDelegate.swift in Sources */ = {isa = PBXBuildFile; fileRef = 5BE62E4B2B83C3610040C058 /* AppDelegate.swift */; };
		5BE62E4E2B83C3610040C058 /* SceneDelegate.swift in Sources */ = {isa = PBXBuildFile; fileRef = 5BE62E4D2B83C3610040C058 /* SceneDelegate.swift */; };
		5BE62E502B83C3610040C058 /* ViewController.swift in Sources */ = {isa = PBXBuildFile; fileRef = 5BE62E4F2B83C3610040C058 /* ViewController.swift */; };
		5BE62E532B83C3610040C058 /* Main.storyboard in Resources */ = {isa = PBXBuildFile; fileRef = 5BE62E512B83C3610040C058 /* Main.storyboard */; };
		5BE62E552B83C3620040C058 /* Assets.xcassets in Resources */ = {isa = PBXBuildFile; fileRef = 5BE62E542B83C3620040C058 /* Assets.xcassets */; };
		5BE62E582B83C3620040C058 /* LaunchScreen.storyboard in Resources */ = {isa = PBXBuildFile; fileRef = 5BE62E562B83C3620040C058 /* LaunchScreen.storyboard */; };
		5BE62E632B83C3620040C058 /* firstAppTests.swift in Sources */ = {isa = PBXBuildFile; fileRef = 5BE62E622B83C3620040C058 /* firstAppTests.swift */; };
		5BE62E6D2B83C3620040C058 /* firstAppUITests.swift in Sources */ = {isa = PBXBuildFile; fileRef = 5BE62E6C2B83C3620040C058 /* firstAppUITests.swift */; };
		5BE62E6F2B83C3620040C058 /* firstAppUITestsLaunchTests.swift in Sources */ = {isa = PBXBuildFile; fileRef = 5BE62E6E2B83C3620040C058 /* firstAppUITestsLaunchTests.swift */; };
		5BE62E7C2B8EE0780040C058 /* tarisdunk.jpeg in Resources */ = {isa = PBXBuildFile; fileRef = 5BE62E7B2B8EE0780040C058 /* tarisdunk.jpeg */; };
/* End PBXBuildFile section */

/* Begin PBXContainerItemProxy section */
		5BE62E5F2B83C3620040C058 /* PBXContainerItemProxy */ = {
			isa = PBXContainerItemProxy;
			containerPortal = 5BE62E402B83C3610040C058 /* Project object */;
			proxyType = 1;
			remoteGlobalIDString = 5BE62E472B83C3610040C058;
			remoteInfo = firstApp;
		};
		5BE62E692B83C3620040C058 /* PBXContainerItemProxy */ = {
			isa = PBXContainerItemProxy;
			containerPortal = 5BE62E402B83C3610040C058 /* Project object */;
			proxyType = 1;
			remoteGlobalIDString = 5BE62E472B83C3610040C058;
			remoteInfo = firstApp;
		};
/* End PBXContainerItemProxy section */

/* Begin PBXFileReference section */
		5BE62E482B83C3610040C058 /* I Can Do This.app */ = {isa = PBXFileReference; explicitFileType = wrapper.application; includeInIndex = 0; path = "I Can Do This.app"; sourceTree = BUILT_PRODUCTS_DIR; };
		5BE62E4B2B83C3610040C058 /* AppDelegate.swift */ = {isa = PBXFileReference; lastKnownFileType = sourcecode.swift; path = AppDelegate.swift; sourceTree = "<group>"; };
		5BE62E4D2B83C3610040C058 /* SceneDelegate.swift */ = {isa = PBXFileReference; lastKnownFileType = sourcecode.swift; path = SceneDelegate.swift; sourceTree = "<group>"; };
		5BE62E4F2B83C3610040C058 /* ViewController.swift */ = {isa = PBXFileReference; lastKnownFileType = sourcecode.swift; path = ViewController.swift; sourceTree = "<group>"; };
		5BE62E522B83C3610040C058 /* Base */ = {isa = PBXFileReference; lastKnownFileType = file.storyboard; name = Base; path = Base.lproj/Main.storyboard; sourceTree = "<group>"; };
		5BE62E542B83C3620040C058 /* Assets.xcassets */ = {isa = PBXFileReference; lastKnownFileType = folder.assetcatalog; path = Assets.xcassets; sourceTree = "<group>"; };
		5BE62E572B83C3620040C058 /* Base */ = {isa = PBXFileReference; lastKnownFileType = file.storyboard; name = Base; path = Base.lproj/LaunchScreen.storyboard; sourceTree = "<group>"; };
		5BE62E592B83C3620040C058 /* Info.plist */ = {isa = PBXFileReference; lastKnownFileType = text.plist.xml; path = Info.plist; sourceTree = "<group>"; };
		5BE62E5E2B83C3620040C058 /* I Can Do ThisTests.xctest */ = {isa = PBXFileReference; explicitFileType = wrapper.cfbundle; includeInIndex = 0; path = "I Can Do ThisTests.xctest"; sourceTree = BUILT_PRODUCTS_DIR; };
		5BE62E622B83C3620040C058 /* firstAppTests.swift */ = {isa = PBXFileReference; lastKnownFileType = sourcecode.swift; path = firstAppTests.swift; sourceTree = "<group>"; };
		5BE62E682B83C3620040C058 /* I Can Do ThisUITests.xctest */ = {isa = PBXFileReference; explicitFileType = wrapper.cfbundle; includeInIndex = 0; path = "I Can Do ThisUITests.xctest"; sourceTree = BUILT_PRODUCTS_DIR; };
		5BE62E6C2B83C3620040C058 /* firstAppUITests.swift */ = {isa = PBXFileReference; lastKnownFileType = sourcecode.swift; path = firstAppUITests.swift; sourceTree = "<group>"; };
		5BE62E6E2B83C3620040C058 /* firstAppUITestsLaunchTests.swift */ = {isa = PBXFileReference; lastKnownFileType = sourcecode.swift; path = firstAppUITestsLaunchTests.swift; sourceTree = "<group>"; };
		5BE62E7B2B8EE0780040C058 /* tarisdunk.jpeg */ = {isa = PBXFileReference; lastKnownFileType = image.jpeg; name = tarisdunk.jpeg; path = ../../../../Downloads/tarisdunk.jpeg; sourceTree = "<group>"; };
/* End PBXFileReference section */

/* Begin PBXFrameworksBuildPhase section */
		5BE62E452B83C3610040C058 /* Frameworks */ = {
			isa = PBXFrameworksBuildPhase;
			buildActionMask = 2147483647;
			files = (
			);
			runOnlyForDeploymentPostprocessing = 0;
		};
		5BE62E5B2B83C3620040C058 /* Frameworks */ = {
			isa = PBXFrameworksBuildPhase;
			buildActionMask = 2147483647;
			files = (
			);
			runOnlyForDeploymentPostprocessing = 0;
		};
		5BE62E652B83C3620040C058 /* Frameworks */ = {
			isa = PBXFrameworksBuildPhase;
			buildActionMask = 2147483647;
			files = (
			);
			runOnlyForDeploymentPostprocessing = 0;
		};
/* End PBXFrameworksBuildPhase section */

/* Begin PBXGroup section */
		5BE62E3F2B83C3610040C058 = {
			isa = PBXGroup;
			children = (
				5BE62E4A2B83C3610040C058 /* firstApp */,
				5BE62E612B83C3620040C058 /* firstAppTests */,
				5BE62E6B2B83C3620040C058 /* firstAppUITests */,
				5BE62E492B83C3610040C058 /* Products */,
			);
			sourceTree = "<group>";
		};
		5BE62E492B83C3610040C058 /* Products */ = {
			isa = PBXGroup;
			children = (
				5BE62E482B83C3610040C058 /* I Can Do This.app */,
				5BE62E5E2B83C3620040C058 /* I Can Do ThisTests.xctest */,
				5BE62E682B83C3620040C058 /* I Can Do ThisUITests.xctest */,
			);
			name = Products;
			sourceTree = "<group>";
		};
		5BE62E4A2B83C3610040C058 /* firstApp */ = {
			isa = PBXGroup;
			children = (
				5BE62E4B2B83C3610040C058 /* AppDelegate.swift */,
				5BE62E4D2B83C3610040C058 /* SceneDelegate.swift */,
				5BE62E4F2B83C3610040C058 /* ViewController.swift */,
				5BE62E512B83C3610040C058 /* Main.storyboard */,
				5BE62E7B2B8EE0780040C058 /* tarisdunk.jpeg */,
				5BE62E542B83C3620040C058 /* Assets.xcassets */,
				5BE62E562B83C3620040C058 /* LaunchScreen.storyboard */,
				5BE62E592B83C3620040C058 /* Info.plist */,
			);
			path = firstApp;
			sourceTree = "<group>";
		};
		5BE62E612B83C3620040C058 /* firstAppTests */ = {
			isa = PBXGroup;
			children = (
				5BE62E622B83C3620040C058 /* firstAppTests.swift */,
			);
			path = firstAppTests;
			sourceTree = "<group>";
		};
		5BE62E6B2B83C3620040C058 /* firstAppUITests */ = {
			isa = PBXGroup;
			children = (
				5BE62E6C2B83C3620040C058 /* firstAppUITests.swift */,
				5BE62E6E2B83C3620040C058 /* firstAppUITestsLaunchTests.swift */,
			);
			path = firstAppUITests;
			sourceTree = "<group>";
		};
/* End PBXGroup section */

/* Begin PBXNativeTarget section */
		5BE62E472B83C3610040C058 /* I Can Do This */ = {
			isa = PBXNativeTarget;
			buildConfigurationList = 5BE62E722B83C3620040C058 /* Build configuration list for PBXNativeTarget "I Can Do This" */;
			buildPhases = (
				5BE62E442B83C3610040C058 /* Sources */,
				5BE62E452B83C3610040C058 /* Frameworks */,
				5BE62E462B83C3610040C058 /* Resources */,
			);
			buildRules = (
			);
			dependencies = (
			);
			name = "I Can Do This";
			productName = firstApp;
			productReference = 5BE62E482B83C3610040C058 /* I Can Do This.app */;
			productType = "com.apple.product-type.application";
		};
		5BE62E5D2B83C3620040C058 /* I Can Do ThisTests */ = {
			isa = PBXNativeTarget;
			buildConfigurationList = 5BE62E752B83C3620040C058 /* Build configuration list for PBXNativeTarget "I Can Do ThisTests" */;
			buildPhases = (
				5BE62E5A2B83C3620040C058 /* Sources */,
				5BE62E5B2B83C3620040C058 /* Frameworks */,
				5BE62E5C2B83C3620040C058 /* Resources */,
			);
			buildRules = (
			);
			dependencies = (
				5BE62E602B83C3620040C058 /* PBXTargetDependency */,
			);
			name = "I Can Do ThisTests";
			productName = firstAppTests;
			productReference = 5BE62E5E2B83C3620040C058 /* I Can Do ThisTests.xctest */;
			productType = "com.apple.product-type.bundle.unit-test";
		};
		5BE62E672B83C3620040C058 /* I Can Do ThisUITests */ = {
			isa = PBXNativeTarget;
			buildConfigurationList = 5BE62E782B83C3620040C058 /* Build configuration list for PBXNativeTarget "I Can Do ThisUITests" */;
			buildPhases = (
				5BE62E642B83C3620040C058 /* Sources */,
				5BE62E652B83C3620040C058 /* Frameworks */,
				5BE62E662B83C3620040C058 /* Resources */,
			);
			buildRules = (
			);
			dependencies = (
				5BE62E6A2B83C3620040C058 /* PBXTargetDependency */,
			);
			name = "I Can Do ThisUITests";
			productName = firstAppUITests;
			productReference = 5BE62E682B83C3620040C058 /* I Can Do ThisUITests.xctest */;
			productType = "com.apple.product-type.bundle.ui-testing";
		};
/* End PBXNativeTarget section */

/* Begin PBXProject section */
		5BE62E402B83C3610040C058 /* Project object */ = {
			isa = PBXProject;
			attributes = {
				BuildIndependentTargetsInParallel = 1;
				LastSwiftUpdateCheck = 1520;
				LastUpgradeCheck = 1520;
				TargetAttributes = {
					5BE62E472B83C3610040C058 = {
						CreatedOnToolsVersion = 15.2;
					};
					5BE62E5D2B83C3620040C058 = {
						CreatedOnToolsVersion = 15.2;
						TestTargetID = 5BE62E472B83C3610040C058;
					};
					5BE62E672B83C3620040C058 = {
						CreatedOnToolsVersion = 15.2;
						TestTargetID = 5BE62E472B83C3610040C058;
					};
				};
			};
			buildConfigurationList = 5BE62E432B83C3610040C058 /* Build configuration list for PBXProject "I Can Do This" */;
			compatibilityVersion = "Xcode 14.0";
			developmentRegion = en;
			hasScannedForEncodings = 0;
			knownRegions = (
				en,
				Base,
			);
			mainGroup = 5BE62E3F2B83C3610040C058;
			productRefGroup = 5BE62E492B83C3610040C058 /* Products */;
			projectDirPath = "";
			projectRoot = "";
			targets = (
				5BE62E472B83C3610040C058 /* I Can Do This */,
				5BE62E5D2B83C3620040C058 /* I Can Do ThisTests */,
				5BE62E672B83C3620040C058 /* I Can Do ThisUITests */,
			);
		};
/* End PBXProject section */

/* Begin PBXResourcesBuildPhase section */
		5BE62E462B83C3610040C058 /* Resources */ = {
			isa = PBXResourcesBuildPhase;
			buildActionMask = 2147483647;
			files = (
				5BE62E582B83C3620040C058 /* LaunchScreen.storyboard in Resources */,
				5BE62E552B83C3620040C058 /* Assets.xcassets in Resources */,
				5BE62E532B83C3610040C058 /* Main.storyboard in Resources */,
				5BE62E7C2B8EE0780040C058 /* tarisdunk.jpeg in Resources */,
			);
			runOnlyForDeploymentPostprocessing = 0;
		};
		5BE62E5C2B83C3620040C058 /* Resources */ = {
			isa = PBXResourcesBuildPhase;
			buildActionMask = 2147483647;
			files = (
			);
			runOnlyForDeploymentPostprocessing = 0;
		};
		5BE62E662B83C3620040C058 /* Resources */ = {
			isa = PBXResourcesBuildPhase;
			buildActionMask = 2147483647;
			files = (
			);
			runOnlyForDeploymentPostprocessing = 0;
		};
/* End PBXResourcesBuildPhase section */

/* Begin PBXSourcesBuildPhase section */
		5BE62E442B83C3610040C058 /* Sources */ = {
			isa = PBXSourcesBuildPhase;
			buildActionMask = 2147483647;
			files = (
				5BE62E502B83C3610040C058 /* ViewController.swift in Sources */,
				5BE62E4C2B83C3610040C058 /* AppDelegate.swift in Sources */,
				5BE62E4E2B83C3610040C058 /* SceneDelegate.swift in Sources */,
			);
			runOnlyForDeploymentPostprocessing = 0;
		};
		5BE62E5A2B83C3620040C058 /* Sources */ = {
			isa = PBXSourcesBuildPhase;
			buildActionMask = 2147483647;
			files = (
				5BE62E632B83C3620040C058 /* firstAppTests.swift in Sources */,
			);
			runOnlyForDeploymentPostprocessing = 0;
		};
		5BE62E642B83C3620040C058 /* Sources */ = {
			isa = PBXSourcesBuildPhase;
			buildActionMask = 2147483647;
			files = (
				5BE62E6F2B83C3620040C058 /* firstAppUITestsLaunchTests.swift in Sources */,
				5BE62E6D2B83C3620040C058 /* firstAppUITests.swift in Sources */,
			);
			runOnlyForDeploymentPostprocessing = 0;
		};
/* End PBXSourcesBuildPhase section */

/* Begin PBXTargetDependency section */
		5BE62E602B83C3620040C058 /* PBXTargetDependency */ = {
			isa = PBXTargetDependency;
			target = 5BE62E472B83C3610040C058 /* I Can Do This */;
			targetProxy = 5BE62E5F2B83C3620040C058 /* PBXContainerItemProxy */;
		};
		5BE62E6A2B83C3620040C058 /* PBXTargetDependency */ = {
			isa = PBXTargetDependency;
			target = 5BE62E472B83C3610040C058 /* I Can Do This */;
			targetProxy = 5BE62E692B83C3620040C058 /* PBXContainerItemProxy */;
		};
/* End PBXTargetDependency section */

/* Begin PBXVariantGroup section */
		5BE62E512B83C3610040C058 /* Main.storyboard */ = {
			isa = PBXVariantGroup;
			children = (
				5BE62E522B83C3610040C058 /* Base */,
			);
			name = Main.storyboard;
			sourceTree = "<group>";
		};
		5BE62E562B83C3620040C058 /* LaunchScreen.storyboard */ = {
			isa = PBXVariantGroup;
			children = (
				5BE62E572B83C3620040C058 /* Base */,
			);
			name = LaunchScreen.storyboard;
			sourceTree = "<group>";
		};
/* End PBXVariantGroup section */

/* Begin XCBuildConfiguration section */
		5BE62E702B83C3620040C058 /* Debug */ = {
			isa = XCBuildConfiguration;
			buildSettings = {
				ALWAYS_SEARCH_USER_PATHS = NO;
				ASSETCATALOG_COMPILER_GENERATE_SWIFT_ASSET_SYMBOL_EXTENSIONS = YES;
				CLANG_ANALYZER_NONNULL = YES;
				CLANG_ANALYZER_NUMBER_OBJECT_CONVERSION = YES_AGGRESSIVE;
				CLANG_CXX_LANGUAGE_STANDARD = "gnu++20";
				CLANG_ENABLE_MODULES = YES;
				CLANG_ENABLE_OBJC_ARC = YES;
				CLANG_ENABLE_OBJC_WEAK = YES;
				CLANG_WARN_BLOCK_CAPTURE_AUTORELEASING = YES;
				CLANG_WARN_BOOL_CONVERSION = YES;
				CLANG_WARN_COMMA = YES;
				CLANG_WARN_CONSTANT_CONVERSION = YES;
				CLANG_WARN_DEPRECATED_OBJC_IMPLEMENTATIONS = YES;
				CLANG_WARN_DIRECT_OBJC_ISA_USAGE = YES_ERROR;
				CLANG_WARN_DOCUMENTATION_COMMENTS = YES;
				CLANG_WARN_EMPTY_BODY = YES;
				CLANG_WARN_ENUM_CONVERSION = YES;
				CLANG_WARN_INFINITE_RECURSION = YES;
				CLANG_WARN_INT_CONVERSION = YES;
				CLANG_WARN_NON_LITERAL_NULL_CONVERSION = YES;
				CLANG_WARN_OBJC_IMPLICIT_RETAIN_SELF = YES;
				CLANG_WARN_OBJC_LITERAL_CONVERSION = YES;
				CLANG_WARN_OBJC_ROOT_CLASS = YES_ERROR;
				CLANG_WARN_QUOTED_INCLUDE_IN_FRAMEWORK_HEADER = YES;
				CLANG_WARN_RANGE_LOOP_ANALYSIS = YES;
				CLANG_WARN_STRICT_PROTOTYPES = YES;
				CLANG_WARN_SUSPICIOUS_MOVE = YES;
				CLANG_WARN_UNGUARDED_AVAILABILITY = YES_AGGRESSIVE;
				CLANG_WARN_UNREACHABLE_CODE = YES;
				CLANG_WARN__DUPLICATE_METHOD_MATCH = YES;
				COPY_PHASE_STRIP = NO;
				DEBUG_INFORMATION_FORMAT = dwarf;
				ENABLE_STRICT_OBJC_MSGSEND = YES;
				ENABLE_TESTABILITY = YES;
				ENABLE_USER_SCRIPT_SANDBOXING = YES;
				GCC_C_LANGUAGE_STANDARD = gnu17;
				GCC_DYNAMIC_NO_PIC = NO;
				GCC_NO_COMMON_BLOCKS = YES;
				GCC_OPTIMIZATION_LEVEL = 0;
				GCC_PREPROCESSOR_DEFINITIONS = (
					"DEBUG=1",
					"$(inherited)",
				);
				GCC_WARN_64_TO_32_BIT_CONVERSION = YES;
				GCC_WARN_ABOUT_RETURN_TYPE = YES_ERROR;
				GCC_WARN_UNDECLARED_SELECTOR = YES;
				GCC_WARN_UNINITIALIZED_AUTOS = YES_AGGRESSIVE;
				GCC_WARN_UNUSED_FUNCTION = YES;
				GCC_WARN_UNUSED_VARIABLE = YES;
				IPHONEOS_DEPLOYMENT_TARGET = 17.2;
				LOCALIZATION_PREFERS_STRING_CATALOGS = YES;
				MTL_ENABLE_DEBUG_INFO = INCLUDE_SOURCE;
				MTL_FAST_MATH = YES;
				ONLY_ACTIVE_ARCH = YES;
				SDKROOT = iphoneos;
				SWIFT_ACTIVE_COMPILATION_CONDITIONS = "DEBUG $(inherited)";
				SWIFT_OPTIMIZATION_LEVEL = "-Onone";
			};
			name = Debug;
		};
		5BE62E712B83C3620040C058 /* Release */ = {
			isa = XCBuildConfiguration;
			buildSettings = {
				ALWAYS_SEARCH_USER_PATHS = NO;
				ASSETCATALOG_COMPILER_GENERATE_SWIFT_ASSET_SYMBOL_EXTENSIONS = YES;
				CLANG_ANALYZER_NONNULL = YES;
				CLANG_ANALYZER_NUMBER_OBJECT_CONVERSION = YES_AGGRESSIVE;
				CLANG_CXX_LANGUAGE_STANDARD = "gnu++20";
				CLANG_ENABLE_MODULES = YES;
				CLANG_ENABLE_OBJC_ARC = YES;
				CLANG_ENABLE_OBJC_WEAK = YES;
				CLANG_WARN_BLOCK_CAPTURE_AUTORELEASING = YES;
				CLANG_WARN_BOOL_CONVERSION = YES;
				CLANG_WARN_COMMA = YES;
				CLANG_WARN_CONSTANT_CONVERSION = YES;
				CLANG_WARN_DEPRECATED_OBJC_IMPLEMENTATIONS = YES;
				CLANG_WARN_DIRECT_OBJC_ISA_USAGE = YES_ERROR;
				CLANG_WARN_DOCUMENTATION_COMMENTS = YES;
				CLANG_WARN_EMPTY_BODY = YES;
				CLANG_WARN_ENUM_CONVERSION = YES;
				CLANG_WARN_INFINITE_RECURSION = YES;
				CLANG_WARN_INT_CONVERSION = YES;
				CLANG_WARN_NON_LITERAL_NULL_CONVERSION = YES;
				CLANG_WARN_OBJC_IMPLICIT_RETAIN_SELF = YES;
				CLANG_WARN_OBJC_LITERAL_CONVERSION = YES;
				CLANG_WARN_OBJC_ROOT_CLASS = YES_ERROR;
				CLANG_WARN_QUOTED_INCLUDE_IN_FRAMEWORK_HEADER = YES;
				CLANG_WARN_RANGE_LOOP_ANALYSIS = YES;
				CLANG_WARN_STRICT_PROTOTYPES = YES;
				CLANG_WARN_SUSPICIOUS_MOVE = YES;
				CLANG_WARN_UNGUARDED_AVAILABILITY = YES_AGGRESSIVE;
				CLANG_WARN_UNREACHABLE_CODE = YES;
				CLANG_WARN__DUPLICATE_METHOD_MATCH = YES;
				COPY_PHASE_STRIP = NO;
				DEBUG_INFORMATION_FORMAT = "dwarf-with-dsym";
				ENABLE_NS_ASSERTIONS = NO;
				ENABLE_STRICT_OBJC_MSGSEND = YES;
				ENABLE_USER_SCRIPT_SANDBOXING = YES;
				GCC_C_LANGUAGE_STANDARD = gnu17;
				GCC_NO_COMMON_BLOCKS = YES;
				GCC_WARN_64_TO_32_BIT_CONVERSION = YES;
				GCC_WARN_ABOUT_RETURN_TYPE = YES_ERROR;
				GCC_WARN_UNDECLARED_SELECTOR = YES;
				GCC_WARN_UNINITIALIZED_AUTOS = YES_AGGRESSIVE;
				GCC_WARN_UNUSED_FUNCTION = YES;
				GCC_WARN_UNUSED_VARIABLE = YES;
				IPHONEOS_DEPLOYMENT_TARGET = 17.2;
				LOCALIZATION_PREFERS_STRING_CATALOGS = YES;
				MTL_ENABLE_DEBUG_INFO = NO;
				MTL_FAST_MATH = YES;
				SDKROOT = iphoneos;
				SWIFT_COMPILATION_MODE = wholemodule;
				VALIDATE_PRODUCT = YES;
			};
			name = Release;
		};
		5BE62E732B83C3620040C058 /* Debug */ = {
			isa = XCBuildConfiguration;
			buildSettings = {
				ASSETCATALOG_COMPILER_APPICON_NAME = AppIcon;
				ASSETCATALOG_COMPILER_GLOBAL_ACCENT_COLOR_NAME = AccentColor;
				CODE_SIGN_STYLE = Automatic;
				CURRENT_PROJECT_VERSION = 1;
				GENERATE_INFOPLIST_FILE = YES;
				INFOPLIST_FILE = firstApp/Info.plist;
				INFOPLIST_KEY_UIApplicationSupportsIndirectInputEvents = YES;
				INFOPLIST_KEY_UILaunchStoryboardName = LaunchScreen;
				INFOPLIST_KEY_UIMainStoryboardFile = Main;
				INFOPLIST_KEY_UISupportedInterfaceOrientations_iPad = "UIInterfaceOrientationPortrait UIInterfaceOrientationPortraitUpsideDown UIInterfaceOrientationLandscapeLeft UIInterfaceOrientationLandscapeRight";
				INFOPLIST_KEY_UISupportedInterfaceOrientations_iPhone = "UIInterfaceOrientationPortrait UIInterfaceOrientationLandscapeLeft UIInterfaceOrientationLandscapeRight";
				LD_RUNPATH_SEARCH_PATHS = (
					"$(inherited)",
					"@executable_path/Frameworks",
				);
				MARKETING_VERSION = 1.0;
				PRODUCT_BUNDLE_IDENTIFIER = MSSU.firstApp;
				PRODUCT_NAME = "$(TARGET_NAME)";
				SWIFT_EMIT_LOC_STRINGS = YES;
				SWIFT_VERSION = 5.0;
				TARGETED_DEVICE_FAMILY = "1,2";
			};
			name = Debug;
		};
		5BE62E742B83C3620040C058 /* Release */ = {
			isa = XCBuildConfiguration;
			buildSettings = {
				ASSETCATALOG_COMPILER_APPICON_NAME = AppIcon;
				ASSETCATALOG_COMPILER_GLOBAL_ACCENT_COLOR_NAME = AccentColor;
				CODE_SIGN_STYLE = Automatic;
				CURRENT_PROJECT_VERSION = 1;
				GENERATE_INFOPLIST_FILE = YES;
				INFOPLIST_FILE = firstApp/Info.plist;
				INFOPLIST_KEY_UIApplicationSupportsIndirectInputEvents = YES;
				INFOPLIST_KEY_UILaunchStoryboardName = LaunchScreen;
				INFOPLIST_KEY_UIMainStoryboardFile = Main;
				INFOPLIST_KEY_UISupportedInterfaceOrientations_iPad = "UIInterfaceOrientationPortrait UIInterfaceOrientationPortraitUpsideDown UIInterfaceOrientationLandscapeLeft UIInterfaceOrientationLandscapeRight";
				INFOPLIST_KEY_UISupportedInterfaceOrientations_iPhone = "UIInterfaceOrientationPortrait UIInterfaceOrientationLandscapeLeft UIInterfaceOrientationLandscapeRight";
				LD_RUNPATH_SEARCH_PATHS = (
					"$(inherited)",
					"@executable_path/Frameworks",
				);
				MARKETING_VERSION = 1.0;
				PRODUCT_BUNDLE_IDENTIFIER = MSSU.firstApp;
				PRODUCT_NAME = "$(TARGET_NAME)";
				SWIFT_EMIT_LOC_STRINGS = YES;
				SWIFT_VERSION = 5.0;
				TARGETED_DEVICE_FAMILY = "1,2";
			};
			name = Release;
		};
		5BE62E762B83C3620040C058 /* Debug */ = {
			isa = XCBuildConfiguration;
			buildSettings = {
				ALWAYS_EMBED_SWIFT_STANDARD_LIBRARIES = YES;
				BUNDLE_LOADER = "$(TEST_HOST)";
				CODE_SIGN_STYLE = Automatic;
				CURRENT_PROJECT_VERSION = 1;
				GENERATE_INFOPLIST_FILE = YES;
				IPHONEOS_DEPLOYMENT_TARGET = 17.2;
				MARKETING_VERSION = 1.0;
				PRODUCT_BUNDLE_IDENTIFIER = MSSU.firstAppTests;
				PRODUCT_NAME = "$(TARGET_NAME)";
				SWIFT_EMIT_LOC_STRINGS = NO;
				SWIFT_VERSION = 5.0;
				TARGETED_DEVICE_FAMILY = "1,2";
				TEST_HOST = "$(BUILT_PRODUCTS_DIR)/I Can Do This.app/$(BUNDLE_EXECUTABLE_FOLDER_PATH)/I Can Do This";
			};
			name = Debug;
		};
		5BE62E772B83C3620040C058 /* Release */ = {
			isa = XCBuildConfiguration;
			buildSettings = {
				ALWAYS_EMBED_SWIFT_STANDARD_LIBRARIES = YES;
				BUNDLE_LOADER = "$(TEST_HOST)";
				CODE_SIGN_STYLE = Automatic;
				CURRENT_PROJECT_VERSION = 1;
				GENERATE_INFOPLIST_FILE = YES;
				IPHONEOS_DEPLOYMENT_TARGET = 17.2;
				MARKETING_VERSION = 1.0;
				PRODUCT_BUNDLE_IDENTIFIER = MSSU.firstAppTests;
				PRODUCT_NAME = "$(TARGET_NAME)";
				SWIFT_EMIT_LOC_STRINGS = NO;
				SWIFT_VERSION = 5.0;
				TARGETED_DEVICE_FAMILY = "1,2";
				TEST_HOST = "$(BUILT_PRODUCTS_DIR)/I Can Do This.app/$(BUNDLE_EXECUTABLE_FOLDER_PATH)/I Can Do This";
			};
			name = Release;
		};
		5BE62E792B83C3620040C058 /* Debug */ = {
			isa = XCBuildConfiguration;
			buildSettings = {
				ALWAYS_EMBED_SWIFT_STANDARD_LIBRARIES = YES;
				CODE_SIGN_STYLE = Automatic;
				CURRENT_PROJECT_VERSION = 1;
				GENERATE_INFOPLIST_FILE = YES;
				MARKETING_VERSION = 1.0;
				PRODUCT_BUNDLE_IDENTIFIER = MSSU.firstAppUITests;
				PRODUCT_NAME = "$(TARGET_NAME)";
				SWIFT_EMIT_LOC_STRINGS = NO;
				SWIFT_VERSION = 5.0;
				TARGETED_DEVICE_FAMILY = "1,2";
				TEST_TARGET_NAME = firstApp;
			};
			name = Debug;
		};
		5BE62E7A2B83C3620040C058 /* Release */ = {
			isa = XCBuildConfiguration;
			buildSettings = {
				ALWAYS_EMBED_SWIFT_STANDARD_LIBRARIES = YES;
				CODE_SIGN_STYLE = Automatic;
				CURRENT_PROJECT_VERSION = 1;
				GENERATE_INFOPLIST_FILE = YES;
				MARKETING_VERSION = 1.0;
				PRODUCT_BUNDLE_IDENTIFIER = MSSU.firstAppUITests;
				PRODUCT_NAME = "$(TARGET_NAME)";
				SWIFT_EMIT_LOC_STRINGS = NO;
				SWIFT_VERSION = 5.0;
				TARGETED_DEVICE_FAMILY = "1,2";
				TEST_TARGET_NAME = firstApp;
			};
			name = Release;
		};
/* End XCBuildConfiguration section */

/* Begin XCConfigurationList section */
		5BE62E432B83C3610040C058 /* Build configuration list for PBXProject "I Can Do This" */ = {
			isa = XCConfigurationList;
			buildConfigurations = (
				5BE62E702B83C3620040C058 /* Debug */,
				5BE62E712B83C3620040C058 /* Release */,
			);
			defaultConfigurationIsVisible = 0;
			defaultConfigurationName = Release;
		};
		5BE62E722B83C3620040C058 /* Build configuration list for PBXNativeTarget "I Can Do This" */ = {
			isa = XCConfigurationList;
			buildConfigurations = (
				5BE62E732B83C3620040C058 /* Debug */,
				5BE62E742B83C3620040C058 /* Release */,
			);
			defaultConfigurationIsVisible = 0;
			defaultConfigurationName = Release;
		};
		5BE62E752B83C3620040C058 /* Build configuration list for PBXNativeTarget "I Can Do ThisTests" */ = {
			isa = XCConfigurationList;
			buildConfigurations = (
				5BE62E762B83C3620040C058 /* Debug */,
				5BE62E772B83C3620040C058 /* Release */,
			);
			defaultConfigurationIsVisible = 0;
			defaultConfigurationName = Release;
		};
		5BE62E782B83C3620040C058 /* Build configuration list for PBXNativeTarget "I Can Do ThisUITests" */ = {
			isa = XCConfigurationList;
			buildConfigurations = (
				5BE62E792B83C3620040C058 /* Debug */,
				5BE62E7A2B83C3620040C058 /* Release */,
			);
			defaultConfigurationIsVisible = 0;
			defaultConfigurationName = Release;
		};
/* End XCConfigurationList section */
	};
	rootObject = 5BE62E402B83C3610040C058 /* Project object */;
}
