// !$*UTF8*$!
{
	archiveVersion = 1;
	classes = {
	};
	objectVersion = 56;
	objects = {

/* Begin PBXBuildFile section */
		5B2AC1C92BD72B09001FA402 /* AppDelegate.swift in Sources */ = {isa = PBXBuildFile; fileRef = 5B2AC1C82BD72B09001FA402 /* AppDelegate.swift */; };
		5B2AC1CB2BD72B09001FA402 /* SceneDelegate.swift in Sources */ = {isa = PBXBuildFile; fileRef = 5B2AC1CA2BD72B09001FA402 /* SceneDelegate.swift */; };
		5B2AC1CD2BD72B09001FA402 /* ViewController.swift in Sources */ = {isa = PBXBuildFile; fileRef = 5B2AC1CC2BD72B09001FA402 /* ViewController.swift */; };
		5B2AC1D02BD72B09001FA402 /* Base in Resources */ = {isa = PBXBuildFile; fileRef = 5B2AC1CF2BD72B09001FA402 /* Base */; };
		5B2AC1D22BD72B0B001FA402 /* Assets.xcassets in Resources */ = {isa = PBXBuildFile; fileRef = 5B2AC1D12BD72B0B001FA402 /* Assets.xcassets */; };
		5B2AC1D52BD72B0B001FA402 /* Base in Resources */ = {isa = PBXBuildFile; fileRef = 5B2AC1D42BD72B0B001FA402 /* Base */; };
		5B2AC1E02BD72B0B001FA402 /* TravelBookTests.swift in Sources */ = {isa = PBXBuildFile; fileRef = 5B2AC1DF2BD72B0B001FA402 /* TravelBookTests.swift */; };
		5B2AC1EA2BD72B0C001FA402 /* TravelBookUITests.swift in Sources */ = {isa = PBXBuildFile; fileRef = 5B2AC1E92BD72B0C001FA402 /* TravelBookUITests.swift */; };
		5B2AC1EC2BD72B0C001FA402 /* TravelBookUITestsLaunchTests.swift in Sources */ = {isa = PBXBuildFile; fileRef = 5B2AC1EB2BD72B0C001FA402 /* TravelBookUITestsLaunchTests.swift */; };
		5B2AC1FA2BD74A04001FA402 /* TravelBook.xcdatamodeld in Sources */ = {isa = PBXBuildFile; fileRef = 5B2AC1F82BD74A04001FA402 /* TravelBook.xcdatamodeld */; };
		5B2AC2122BD75055001FA402 /* CoreDataManager.swift in Sources */ = {isa = PBXBuildFile; fileRef = 5B2AC2112BD75055001FA402 /* CoreDataManager.swift */; };
		5B2AC2172BD75334001FA402 /* ListViewController.swift in Sources */ = {isa = PBXBuildFile; fileRef = 5B2AC2162BD75334001FA402 /* ListViewController.swift */; };
/* End PBXBuildFile section */

/* Begin PBXContainerItemProxy section */
		5B2AC1DC2BD72B0B001FA402 /* PBXContainerItemProxy */ = {
			isa = PBXContainerItemProxy;
			containerPortal = 5B2AC1BD2BD72B09001FA402 /* Project object */;
			proxyType = 1;
			remoteGlobalIDString = 5B2AC1C42BD72B09001FA402;
			remoteInfo = TravelBook;
		};
		5B2AC1E62BD72B0C001FA402 /* PBXContainerItemProxy */ = {
			isa = PBXContainerItemProxy;
			containerPortal = 5B2AC1BD2BD72B09001FA402 /* Project object */;
			proxyType = 1;
			remoteGlobalIDString = 5B2AC1C42BD72B09001FA402;
			remoteInfo = TravelBook;
		};
/* End PBXContainerItemProxy section */

/* Begin PBXFileReference section */
		5B2AC1C52BD72B09001FA402 /* TravelBook.app */ = {isa = PBXFileReference; explicitFileType = wrapper.application; includeInIndex = 0; path = TravelBook.app; sourceTree = BUILT_PRODUCTS_DIR; };
		5B2AC1C82BD72B09001FA402 /* AppDelegate.swift */ = {isa = PBXFileReference; lastKnownFileType = sourcecode.swift; path = AppDelegate.swift; sourceTree = "<group>"; };
		5B2AC1CA2BD72B09001FA402 /* SceneDelegate.swift */ = {isa = PBXFileReference; lastKnownFileType = sourcecode.swift; path = SceneDelegate.swift; sourceTree = "<group>"; };
		5B2AC1CC2BD72B09001FA402 /* ViewController.swift */ = {isa = PBXFileReference; lastKnownFileType = sourcecode.swift; path = ViewController.swift; sourceTree = "<group>"; };
		5B2AC1CF2BD72B09001FA402 /* Base */ = {isa = PBXFileReference; lastKnownFileType = file.storyboard; name = Base; path = Base.lproj/Main.storyboard; sourceTree = "<group>"; };
		5B2AC1D12BD72B0B001FA402 /* Assets.xcassets */ = {isa = PBXFileReference; lastKnownFileType = folder.assetcatalog; path = Assets.xcassets; sourceTree = "<group>"; };
		5B2AC1D42BD72B0B001FA402 /* Base */ = {isa = PBXFileReference; lastKnownFileType = file.storyboard; name = Base; path = Base.lproj/LaunchScreen.storyboard; sourceTree = "<group>"; };
		5B2AC1D62BD72B0B001FA402 /* Info.plist */ = {isa = PBXFileReference; lastKnownFileType = text.plist.xml; path = Info.plist; sourceTree = "<group>"; };
		5B2AC1DB2BD72B0B001FA402 /* TravelBookTests.xctest */ = {isa = PBXFileReference; explicitFileType = wrapper.cfbundle; includeInIndex = 0; path = TravelBookTests.xctest; sourceTree = BUILT_PRODUCTS_DIR; };
		5B2AC1DF2BD72B0B001FA402 /* TravelBookTests.swift */ = {isa = PBXFileReference; lastKnownFileType = sourcecode.swift; path = TravelBookTests.swift; sourceTree = "<group>"; };
		5B2AC1E52BD72B0C001FA402 /* TravelBookUITests.xctest */ = {isa = PBXFileReference; explicitFileType = wrapper.cfbundle; includeInIndex = 0; path = TravelBookUITests.xctest; sourceTree = BUILT_PRODUCTS_DIR; };
		5B2AC1E92BD72B0C001FA402 /* TravelBookUITests.swift */ = {isa = PBXFileReference; lastKnownFileType = sourcecode.swift; path = TravelBookUITests.swift; sourceTree = "<group>"; };
		5B2AC1EB2BD72B0C001FA402 /* TravelBookUITestsLaunchTests.swift */ = {isa = PBXFileReference; lastKnownFileType = sourcecode.swift; path = TravelBookUITestsLaunchTests.swift; sourceTree = "<group>"; };
		5B2AC1F92BD74A04001FA402 /* TravelBook.xcdatamodel */ = {isa = PBXFileReference; lastKnownFileType = wrapper.xcdatamodel; path = TravelBook.xcdatamodel; sourceTree = "<group>"; };
		5B2AC2112BD75055001FA402 /* CoreDataManager.swift */ = {isa = PBXFileReference; lastKnownFileType = sourcecode.swift; path = CoreDataManager.swift; sourceTree = "<group>"; };
		5B2AC2162BD75334001FA402 /* ListViewController.swift */ = {isa = PBXFileReference; lastKnownFileType = sourcecode.swift; path = ListViewController.swift; sourceTree = "<group>"; };
/* End PBXFileReference section */

/* Begin PBXFrameworksBuildPhase section */
		5B2AC1C22BD72B09001FA402 /* Frameworks */ = {
			isa = PBXFrameworksBuildPhase;
			buildActionMask = 2147483647;
			files = (
			);
			runOnlyForDeploymentPostprocessing = 0;
		};
		5B2AC1D82BD72B0B001FA402 /* Frameworks */ = {
			isa = PBXFrameworksBuildPhase;
			buildActionMask = 2147483647;
			files = (
			);
			runOnlyForDeploymentPostprocessing = 0;
		};
		5B2AC1E22BD72B0C001FA402 /* Frameworks */ = {
			isa = PBXFrameworksBuildPhase;
			buildActionMask = 2147483647;
			files = (
			);
			runOnlyForDeploymentPostprocessing = 0;
		};
/* End PBXFrameworksBuildPhase section */

/* Begin PBXGroup section */
		5B2AC1BC2BD72B09001FA402 = {
			isa = PBXGroup;
			children = (
				5B2AC1C72BD72B09001FA402 /* TravelBook */,
				5B2AC1DE2BD72B0B001FA402 /* TravelBookTests */,
				5B2AC1E82BD72B0C001FA402 /* TravelBookUITests */,
				5B2AC1C62BD72B09001FA402 /* Products */,
			);
			sourceTree = "<group>";
		};
		5B2AC1C62BD72B09001FA402 /* Products */ = {
			isa = PBXGroup;
			children = (
				5B2AC1C52BD72B09001FA402 /* TravelBook.app */,
				5B2AC1DB2BD72B0B001FA402 /* TravelBookTests.xctest */,
				5B2AC1E52BD72B0C001FA402 /* TravelBookUITests.xctest */,
			);
			name = Products;
			sourceTree = "<group>";
		};
		5B2AC1C72BD72B09001FA402 /* TravelBook */ = {
			isa = PBXGroup;
			children = (
				5B2AC1C82BD72B09001FA402 /* AppDelegate.swift */,
				5B2AC1CA2BD72B09001FA402 /* SceneDelegate.swift */,
				5B2AC1CC2BD72B09001FA402 /* ViewController.swift */,
				5B2AC2162BD75334001FA402 /* ListViewController.swift */,
				5B2AC1CE2BD72B09001FA402 /* Main.storyboard */,
				5B2AC1D12BD72B0B001FA402 /* Assets.xcassets */,
				5B2AC1D32BD72B0B001FA402 /* LaunchScreen.storyboard */,
				5B2AC1D62BD72B0B001FA402 /* Info.plist */,
				5B2AC1F82BD74A04001FA402 /* TravelBook.xcdatamodeld */,
				5B2AC2112BD75055001FA402 /* CoreDataManager.swift */,
			);
			path = TravelBook;
			sourceTree = "<group>";
		};
		5B2AC1DE2BD72B0B001FA402 /* TravelBookTests */ = {
			isa = PBXGroup;
			children = (
				5B2AC1DF2BD72B0B001FA402 /* TravelBookTests.swift */,
			);
			path = TravelBookTests;
			sourceTree = "<group>";
		};
		5B2AC1E82BD72B0C001FA402 /* TravelBookUITests */ = {
			isa = PBXGroup;
			children = (
				5B2AC1E92BD72B0C001FA402 /* TravelBookUITests.swift */,
				5B2AC1EB2BD72B0C001FA402 /* TravelBookUITestsLaunchTests.swift */,
			);
			path = TravelBookUITests;
			sourceTree = "<group>";
		};
/* End PBXGroup section */

/* Begin PBXNativeTarget section */
		5B2AC1C42BD72B09001FA402 /* TravelBook */ = {
			isa = PBXNativeTarget;
			buildConfigurationList = 5B2AC1EF2BD72B0C001FA402 /* Build configuration list for PBXNativeTarget "TravelBook" */;
			buildPhases = (
				5B2AC1C12BD72B09001FA402 /* Sources */,
				5B2AC1C22BD72B09001FA402 /* Frameworks */,
				5B2AC1C32BD72B09001FA402 /* Resources */,
			);
			buildRules = (
			);
			dependencies = (
			);
			name = TravelBook;
			productName = TravelBook;
			productReference = 5B2AC1C52BD72B09001FA402 /* TravelBook.app */;
			productType = "com.apple.product-type.application";
		};
		5B2AC1DA2BD72B0B001FA402 /* TravelBookTests */ = {
			isa = PBXNativeTarget;
			buildConfigurationList = 5B2AC1F22BD72B0C001FA402 /* Build configuration list for PBXNativeTarget "TravelBookTests" */;
			buildPhases = (
				5B2AC1D72BD72B0B001FA402 /* Sources */,
				5B2AC1D82BD72B0B001FA402 /* Frameworks */,
				5B2AC1D92BD72B0B001FA402 /* Resources */,
			);
			buildRules = (
			);
			dependencies = (
				5B2AC1DD2BD72B0B001FA402 /* PBXTargetDependency */,
			);
			name = TravelBookTests;
			productName = TravelBookTests;
			productReference = 5B2AC1DB2BD72B0B001FA402 /* TravelBookTests.xctest */;
			productType = "com.apple.product-type.bundle.unit-test";
		};
		5B2AC1E42BD72B0C001FA402 /* TravelBookUITests */ = {
			isa = PBXNativeTarget;
			buildConfigurationList = 5B2AC1F52BD72B0C001FA402 /* Build configuration list for PBXNativeTarget "TravelBookUITests" */;
			buildPhases = (
				5B2AC1E12BD72B0C001FA402 /* Sources */,
				5B2AC1E22BD72B0C001FA402 /* Frameworks */,
				5B2AC1E32BD72B0C001FA402 /* Resources */,
			);
			buildRules = (
			);
			dependencies = (
				5B2AC1E72BD72B0C001FA402 /* PBXTargetDependency */,
			);
			name = TravelBookUITests;
			productName = TravelBookUITests;
			productReference = 5B2AC1E52BD72B0C001FA402 /* TravelBookUITests.xctest */;
			productType = "com.apple.product-type.bundle.ui-testing";
		};
/* End PBXNativeTarget section */

/* Begin PBXProject section */
		5B2AC1BD2BD72B09001FA402 /* Project object */ = {
			isa = PBXProject;
			attributes = {
				BuildIndependentTargetsInParallel = 1;
				LastSwiftUpdateCheck = 1530;
				LastUpgradeCheck = 1530;
				TargetAttributes = {
					5B2AC1C42BD72B09001FA402 = {
						CreatedOnToolsVersion = 15.3;
					};
					5B2AC1DA2BD72B0B001FA402 = {
						CreatedOnToolsVersion = 15.3;
						TestTargetID = 5B2AC1C42BD72B09001FA402;
					};
					5B2AC1E42BD72B0C001FA402 = {
						CreatedOnToolsVersion = 15.3;
						TestTargetID = 5B2AC1C42BD72B09001FA402;
					};
				};
			};
			buildConfigurationList = 5B2AC1C02BD72B09001FA402 /* Build configuration list for PBXProject "TravelBook" */;
			compatibilityVersion = "Xcode 14.0";
			developmentRegion = en;
			hasScannedForEncodings = 0;
			knownRegions = (
				en,
				Base,
			);
			mainGroup = 5B2AC1BC2BD72B09001FA402;
			productRefGroup = 5B2AC1C62BD72B09001FA402 /* Products */;
			projectDirPath = "";
			projectRoot = "";
			targets = (
				5B2AC1C42BD72B09001FA402 /* TravelBook */,
				5B2AC1DA2BD72B0B001FA402 /* TravelBookTests */,
				5B2AC1E42BD72B0C001FA402 /* TravelBookUITests */,
			);
		};
/* End PBXProject section */

/* Begin PBXResourcesBuildPhase section */
		5B2AC1C32BD72B09001FA402 /* Resources */ = {
			isa = PBXResourcesBuildPhase;
			buildActionMask = 2147483647;
			files = (
				5B2AC1D22BD72B0B001FA402 /* Assets.xcassets in Resources */,
				5B2AC1D52BD72B0B001FA402 /* Base in Resources */,
				5B2AC1D02BD72B09001FA402 /* Base in Resources */,
			);
			runOnlyForDeploymentPostprocessing = 0;
		};
		5B2AC1D92BD72B0B001FA402 /* Resources */ = {
			isa = PBXResourcesBuildPhase;
			buildActionMask = 2147483647;
			files = (
			);
			runOnlyForDeploymentPostprocessing = 0;
		};
		5B2AC1E32BD72B0C001FA402 /* Resources */ = {
			isa = PBXResourcesBuildPhase;
			buildActionMask = 2147483647;
			files = (
			);
			runOnlyForDeploymentPostprocessing = 0;
		};
/* End PBXResourcesBuildPhase section */

/* Begin PBXSourcesBuildPhase section */
		5B2AC1C12BD72B09001FA402 /* Sources */ = {
			isa = PBXSourcesBuildPhase;
			buildActionMask = 2147483647;
			files = (
				5B2AC1FA2BD74A04001FA402 /* TravelBook.xcdatamodeld in Sources */,
				5B2AC1CD2BD72B09001FA402 /* ViewController.swift in Sources */,
				5B2AC2172BD75334001FA402 /* ListViewController.swift in Sources */,
				5B2AC1C92BD72B09001FA402 /* AppDelegate.swift in Sources */,
				5B2AC2122BD75055001FA402 /* CoreDataManager.swift in Sources */,
				5B2AC1CB2BD72B09001FA402 /* SceneDelegate.swift in Sources */,
			);
			runOnlyForDeploymentPostprocessing = 0;
		};
		5B2AC1D72BD72B0B001FA402 /* Sources */ = {
			isa = PBXSourcesBuildPhase;
			buildActionMask = 2147483647;
			files = (
				5B2AC1E02BD72B0B001FA402 /* TravelBookTests.swift in Sources */,
			);
			runOnlyForDeploymentPostprocessing = 0;
		};
		5B2AC1E12BD72B0C001FA402 /* Sources */ = {
			isa = PBXSourcesBuildPhase;
			buildActionMask = 2147483647;
			files = (
				5B2AC1EA2BD72B0C001FA402 /* TravelBookUITests.swift in Sources */,
				5B2AC1EC2BD72B0C001FA402 /* TravelBookUITestsLaunchTests.swift in Sources */,
			);
			runOnlyForDeploymentPostprocessing = 0;
		};
/* End PBXSourcesBuildPhase section */

/* Begin PBXTargetDependency section */
		5B2AC1DD2BD72B0B001FA402 /* PBXTargetDependency */ = {
			isa = PBXTargetDependency;
			target = 5B2AC1C42BD72B09001FA402 /* TravelBook */;
			targetProxy = 5B2AC1DC2BD72B0B001FA402 /* PBXContainerItemProxy */;
		};
		5B2AC1E72BD72B0C001FA402 /* PBXTargetDependency */ = {
			isa = PBXTargetDependency;
			target = 5B2AC1C42BD72B09001FA402 /* TravelBook */;
			targetProxy = 5B2AC1E62BD72B0C001FA402 /* PBXContainerItemProxy */;
		};
/* End PBXTargetDependency section */

/* Begin PBXVariantGroup section */
		5B2AC1CE2BD72B09001FA402 /* Main.storyboard */ = {
			isa = PBXVariantGroup;
			children = (
				5B2AC1CF2BD72B09001FA402 /* Base */,
			);
			name = Main.storyboard;
			sourceTree = "<group>";
		};
		5B2AC1D32BD72B0B001FA402 /* LaunchScreen.storyboard */ = {
			isa = PBXVariantGroup;
			children = (
				5B2AC1D42BD72B0B001FA402 /* Base */,
			);
			name = LaunchScreen.storyboard;
			sourceTree = "<group>";
		};
/* End PBXVariantGroup section */

/* Begin XCBuildConfiguration section */
		5B2AC1ED2BD72B0C001FA402 /* Debug */ = {
			isa = XCBuildConfiguration;
			buildSettings = {
				ALWAYS_SEARCH_USER_PATHS = NO;
				ASSETCATALOG_COMPILER_GENERATE_SWIFT_ASSET_SYMBOL_EXTENSIONS = YES;
				CLANG_ANALYZER_NONNULL = YES;
				CLANG_ANALYZER_NUMBER_OBJECT_CONVERSION = YES_AGGRESSIVE;
				CLANG_CXX_LANGUAGE_STANDARD = "gnu++20";
				CLANG_ENABLE_MODULES = YES;
				CLANG_ENABLE_OBJC_ARC = YES;
				CLANG_ENABLE_OBJC_WEAK = YES;
				CLANG_WARN_BLOCK_CAPTURE_AUTORELEASING = YES;
				CLANG_WARN_BOOL_CONVERSION = YES;
				CLANG_WARN_COMMA = YES;
				CLANG_WARN_CONSTANT_CONVERSION = YES;
				CLANG_WARN_DEPRECATED_OBJC_IMPLEMENTATIONS = YES;
				CLANG_WARN_DIRECT_OBJC_ISA_USAGE = YES_ERROR;
				CLANG_WARN_DOCUMENTATION_COMMENTS = YES;
				CLANG_WARN_EMPTY_BODY = YES;
				CLANG_WARN_ENUM_CONVERSION = YES;
				CLANG_WARN_INFINITE_RECURSION = YES;
				CLANG_WARN_INT_CONVERSION = YES;
				CLANG_WARN_NON_LITERAL_NULL_CONVERSION = YES;
				CLANG_WARN_OBJC_IMPLICIT_RETAIN_SELF = YES;
				CLANG_WARN_OBJC_LITERAL_CONVERSION = YES;
				CLANG_WARN_OBJC_ROOT_CLASS = YES_ERROR;
				CLANG_WARN_QUOTED_INCLUDE_IN_FRAMEWORK_HEADER = YES;
				CLANG_WARN_RANGE_LOOP_ANALYSIS = YES;
				CLANG_WARN_STRICT_PROTOTYPES = YES;
				CLANG_WARN_SUSPICIOUS_MOVE = YES;
				CLANG_WARN_UNGUARDED_AVAILABILITY = YES_AGGRESSIVE;
				CLANG_WARN_UNREACHABLE_CODE = YES;
				CLANG_WARN__DUPLICATE_METHOD_MATCH = YES;
				COPY_PHASE_STRIP = NO;
				DEBUG_INFORMATION_FORMAT = dwarf;
				ENABLE_STRICT_OBJC_MSGSEND = YES;
				ENABLE_TESTABILITY = YES;
				ENABLE_USER_SCRIPT_SANDBOXING = YES;
				GCC_C_LANGUAGE_STANDARD = gnu17;
				GCC_DYNAMIC_NO_PIC = NO;
				GCC_NO_COMMON_BLOCKS = YES;
				GCC_OPTIMIZATION_LEVEL = 0;
				GCC_PREPROCESSOR_DEFINITIONS = (
					"DEBUG=1",
					"$(inherited)",
				);
				GCC_WARN_64_TO_32_BIT_CONVERSION = YES;
				GCC_WARN_ABOUT_RETURN_TYPE = YES_ERROR;
				GCC_WARN_UNDECLARED_SELECTOR = YES;
				GCC_WARN_UNINITIALIZED_AUTOS = YES_AGGRESSIVE;
				GCC_WARN_UNUSED_FUNCTION = YES;
				GCC_WARN_UNUSED_VARIABLE = YES;
				IPHONEOS_DEPLOYMENT_TARGET = 17.4;
				LOCALIZATION_PREFERS_STRING_CATALOGS = YES;
				MTL_ENABLE_DEBUG_INFO = INCLUDE_SOURCE;
				MTL_FAST_MATH = YES;
				ONLY_ACTIVE_ARCH = YES;
				SDKROOT = iphoneos;
				SWIFT_ACTIVE_COMPILATION_CONDITIONS = "DEBUG $(inherited)";
				SWIFT_OPTIMIZATION_LEVEL = "-Onone";
			};
			name = Debug;
		};
		5B2AC1EE2BD72B0C001FA402 /* Release */ = {
			isa = XCBuildConfiguration;
			buildSettings = {
				ALWAYS_SEARCH_USER_PATHS = NO;
				ASSETCATALOG_COMPILER_GENERATE_SWIFT_ASSET_SYMBOL_EXTENSIONS = YES;
				CLANG_ANALYZER_NONNULL = YES;
				CLANG_ANALYZER_NUMBER_OBJECT_CONVERSION = YES_AGGRESSIVE;
				CLANG_CXX_LANGUAGE_STANDARD = "gnu++20";
				CLANG_ENABLE_MODULES = YES;
				CLANG_ENABLE_OBJC_ARC = YES;
				CLANG_ENABLE_OBJC_WEAK = YES;
				CLANG_WARN_BLOCK_CAPTURE_AUTORELEASING = YES;
				CLANG_WARN_BOOL_CONVERSION = YES;
				CLANG_WARN_COMMA = YES;
				CLANG_WARN_CONSTANT_CONVERSION = YES;
				CLANG_WARN_DEPRECATED_OBJC_IMPLEMENTATIONS = YES;
				CLANG_WARN_DIRECT_OBJC_ISA_USAGE = YES_ERROR;
				CLANG_WARN_DOCUMENTATION_COMMENTS = YES;
				CLANG_WARN_EMPTY_BODY = YES;
				CLANG_WARN_ENUM_CONVERSION = YES;
				CLANG_WARN_INFINITE_RECURSION = YES;
				CLANG_WARN_INT_CONVERSION = YES;
				CLANG_WARN_NON_LITERAL_NULL_CONVERSION = YES;
				CLANG_WARN_OBJC_IMPLICIT_RETAIN_SELF = YES;
				CLANG_WARN_OBJC_LITERAL_CONVERSION = YES;
				CLANG_WARN_OBJC_ROOT_CLASS = YES_ERROR;
				CLANG_WARN_QUOTED_INCLUDE_IN_FRAMEWORK_HEADER = YES;
				CLANG_WARN_RANGE_LOOP_ANALYSIS = YES;
				CLANG_WARN_STRICT_PROTOTYPES = YES;
				CLANG_WARN_SUSPICIOUS_MOVE = YES;
				CLANG_WARN_UNGUARDED_AVAILABILITY = YES_AGGRESSIVE;
				CLANG_WARN_UNREACHABLE_CODE = YES;
				CLANG_WARN__DUPLICATE_METHOD_MATCH = YES;
				COPY_PHASE_STRIP = NO;
				DEBUG_INFORMATION_FORMAT = "dwarf-with-dsym";
				ENABLE_NS_ASSERTIONS = NO;
				ENABLE_STRICT_OBJC_MSGSEND = YES;
				ENABLE_USER_SCRIPT_SANDBOXING = YES;
				GCC_C_LANGUAGE_STANDARD = gnu17;
				GCC_NO_COMMON_BLOCKS = YES;
				GCC_WARN_64_TO_32_BIT_CONVERSION = YES;
				GCC_WARN_ABOUT_RETURN_TYPE = YES_ERROR;
				GCC_WARN_UNDECLARED_SELECTOR = YES;
				GCC_WARN_UNINITIALIZED_AUTOS = YES_AGGRESSIVE;
				GCC_WARN_UNUSED_FUNCTION = YES;
				GCC_WARN_UNUSED_VARIABLE = YES;
				IPHONEOS_DEPLOYMENT_TARGET = 17.4;
				LOCALIZATION_PREFERS_STRING_CATALOGS = YES;
				MTL_ENABLE_DEBUG_INFO = NO;
				MTL_FAST_MATH = YES;
				SDKROOT = iphoneos;
				SWIFT_COMPILATION_MODE = wholemodule;
				VALIDATE_PRODUCT = YES;
			};
			name = Release;
		};
		5B2AC1F02BD72B0C001FA402 /* Debug */ = {
			isa = XCBuildConfiguration;
			buildSettings = {
				ASSETCATALOG_COMPILER_APPICON_NAME = AppIcon;
				ASSETCATALOG_COMPILER_GLOBAL_ACCENT_COLOR_NAME = AccentColor;
				CODE_SIGN_STYLE = Automatic;
				CURRENT_PROJECT_VERSION = 1;
				DEVELOPMENT_TEAM = 5375BFH8ZZ;
				GENERATE_INFOPLIST_FILE = YES;
				INFOPLIST_FILE = TravelBook/Info.plist;
				INFOPLIST_KEY_UIApplicationSupportsIndirectInputEvents = YES;
				INFOPLIST_KEY_UILaunchStoryboardName = LaunchScreen;
				INFOPLIST_KEY_UIMainStoryboardFile = Main;
				INFOPLIST_KEY_UISupportedInterfaceOrientations_iPad = "UIInterfaceOrientationPortrait UIInterfaceOrientationPortraitUpsideDown UIInterfaceOrientationLandscapeLeft UIInterfaceOrientationLandscapeRight";
				INFOPLIST_KEY_UISupportedInterfaceOrientations_iPhone = "UIInterfaceOrientationPortrait UIInterfaceOrientationLandscapeLeft UIInterfaceOrientationLandscapeRight";
				LD_RUNPATH_SEARCH_PATHS = (
					"$(inherited)",
					"@executable_path/Frameworks",
				);
				MARKETING_VERSION = 1.0;
				PRODUCT_BUNDLE_IDENTIFIER = MSSU.TravelBook;
				PRODUCT_NAME = "$(TARGET_NAME)";
				SWIFT_EMIT_LOC_STRINGS = YES;
				SWIFT_VERSION = 5.0;
				TARGETED_DEVICE_FAMILY = "1,2";
			};
			name = Debug;
		};
		5B2AC1F12BD72B0C001FA402 /* Release */ = {
			isa = XCBuildConfiguration;
			buildSettings = {
				ASSETCATALOG_COMPILER_APPICON_NAME = AppIcon;
				ASSETCATALOG_COMPILER_GLOBAL_ACCENT_COLOR_NAME = AccentColor;
				CODE_SIGN_STYLE = Automatic;
				CURRENT_PROJECT_VERSION = 1;
				DEVELOPMENT_TEAM = 5375BFH8ZZ;
				GENERATE_INFOPLIST_FILE = YES;
				INFOPLIST_FILE = TravelBook/Info.plist;
				INFOPLIST_KEY_UIApplicationSupportsIndirectInputEvents = YES;
				INFOPLIST_KEY_UILaunchStoryboardName = LaunchScreen;
				INFOPLIST_KEY_UIMainStoryboardFile = Main;
				INFOPLIST_KEY_UISupportedInterfaceOrientations_iPad = "UIInterfaceOrientationPortrait UIInterfaceOrientationPortraitUpsideDown UIInterfaceOrientationLandscapeLeft UIInterfaceOrientationLandscapeRight";
				INFOPLIST_KEY_UISupportedInterfaceOrientations_iPhone = "UIInterfaceOrientationPortrait UIInterfaceOrientationLandscapeLeft UIInterfaceOrientationLandscapeRight";
				LD_RUNPATH_SEARCH_PATHS = (
					"$(inherited)",
					"@executable_path/Frameworks",
				);
				MARKETING_VERSION = 1.0;
				PRODUCT_BUNDLE_IDENTIFIER = MSSU.TravelBook;
				PRODUCT_NAME = "$(TARGET_NAME)";
				SWIFT_EMIT_LOC_STRINGS = YES;
				SWIFT_VERSION = 5.0;
				TARGETED_DEVICE_FAMILY = "1,2";
			};
			name = Release;
		};
		5B2AC1F32BD72B0C001FA402 /* Debug */ = {
			isa = XCBuildConfiguration;
			buildSettings = {
				ALWAYS_EMBED_SWIFT_STANDARD_LIBRARIES = YES;
				BUNDLE_LOADER = "$(TEST_HOST)";
				CODE_SIGN_STYLE = Automatic;
				CURRENT_PROJECT_VERSION = 1;
				DEVELOPMENT_TEAM = 5375BFH8ZZ;
				GENERATE_INFOPLIST_FILE = YES;
				IPHONEOS_DEPLOYMENT_TARGET = 17.4;
				MARKETING_VERSION = 1.0;
				PRODUCT_BUNDLE_IDENTIFIER = MSSU.TravelBookTests;
				PRODUCT_NAME = "$(TARGET_NAME)";
				SWIFT_EMIT_LOC_STRINGS = NO;
				SWIFT_VERSION = 5.0;
				TARGETED_DEVICE_FAMILY = "1,2";
				TEST_HOST = "$(BUILT_PRODUCTS_DIR)/TravelBook.app/$(BUNDLE_EXECUTABLE_FOLDER_PATH)/TravelBook";
			};
			name = Debug;
		};
		5B2AC1F42BD72B0C001FA402 /* Release */ = {
			isa = XCBuildConfiguration;
			buildSettings = {
				ALWAYS_EMBED_SWIFT_STANDARD_LIBRARIES = YES;
				BUNDLE_LOADER = "$(TEST_HOST)";
				CODE_SIGN_STYLE = Automatic;
				CURRENT_PROJECT_VERSION = 1;
				DEVELOPMENT_TEAM = 5375BFH8ZZ;
				GENERATE_INFOPLIST_FILE = YES;
				IPHONEOS_DEPLOYMENT_TARGET = 17.4;
				MARKETING_VERSION = 1.0;
				PRODUCT_BUNDLE_IDENTIFIER = MSSU.TravelBookTests;
				PRODUCT_NAME = "$(TARGET_NAME)";
				SWIFT_EMIT_LOC_STRINGS = NO;
				SWIFT_VERSION = 5.0;
				TARGETED_DEVICE_FAMILY = "1,2";
				TEST_HOST = "$(BUILT_PRODUCTS_DIR)/TravelBook.app/$(BUNDLE_EXECUTABLE_FOLDER_PATH)/TravelBook";
			};
			name = Release;
		};
		5B2AC1F62BD72B0C001FA402 /* Debug */ = {
			isa = XCBuildConfiguration;
			buildSettings = {
				ALWAYS_EMBED_SWIFT_STANDARD_LIBRARIES = YES;
				CODE_SIGN_STYLE = Automatic;
				CURRENT_PROJECT_VERSION = 1;
				DEVELOPMENT_TEAM = 5375BFH8ZZ;
				GENERATE_INFOPLIST_FILE = YES;
				MARKETING_VERSION = 1.0;
				PRODUCT_BUNDLE_IDENTIFIER = MSSU.TravelBookUITests;
				PRODUCT_NAME = "$(TARGET_NAME)";
				SWIFT_EMIT_LOC_STRINGS = NO;
				SWIFT_VERSION = 5.0;
				TARGETED_DEVICE_FAMILY = "1,2";
				TEST_TARGET_NAME = TravelBook;
			};
			name = Debug;
		};
		5B2AC1F72BD72B0C001FA402 /* Release */ = {
			isa = XCBuildConfiguration;
			buildSettings = {
				ALWAYS_EMBED_SWIFT_STANDARD_LIBRARIES = YES;
				CODE_SIGN_STYLE = Automatic;
				CURRENT_PROJECT_VERSION = 1;
				DEVELOPMENT_TEAM = 5375BFH8ZZ;
				GENERATE_INFOPLIST_FILE = YES;
				MARKETING_VERSION = 1.0;
				PRODUCT_BUNDLE_IDENTIFIER = MSSU.TravelBookUITests;
				PRODUCT_NAME = "$(TARGET_NAME)";
				SWIFT_EMIT_LOC_STRINGS = NO;
				SWIFT_VERSION = 5.0;
				TARGETED_DEVICE_FAMILY = "1,2";
				TEST_TARGET_NAME = TravelBook;
			};
			name = Release;
		};
/* End XCBuildConfiguration section */

/* Begin XCConfigurationList section */
		5B2AC1C02BD72B09001FA402 /* Build configuration list for PBXProject "TravelBook" */ = {
			isa = XCConfigurationList;
			buildConfigurations = (
				5B2AC1ED2BD72B0C001FA402 /* Debug */,
				5B2AC1EE2BD72B0C001FA402 /* Release */,
			);
			defaultConfigurationIsVisible = 0;
			defaultConfigurationName = Release;
		};
		5B2AC1EF2BD72B0C001FA402 /* Build configuration list for PBXNativeTarget "TravelBook" */ = {
			isa = XCConfigurationList;
			buildConfigurations = (
				5B2AC1F02BD72B0C001FA402 /* Debug */,
				5B2AC1F12BD72B0C001FA402 /* Release */,
			);
			defaultConfigurationIsVisible = 0;
			defaultConfigurationName = Release;
		};
		5B2AC1F22BD72B0C001FA402 /* Build configuration list for PBXNativeTarget "TravelBookTests" */ = {
			isa = XCConfigurationList;
			buildConfigurations = (
				5B2AC1F32BD72B0C001FA402 /* Debug */,
				5B2AC1F42BD72B0C001FA402 /* Release */,
			);
			defaultConfigurationIsVisible = 0;
			defaultConfigurationName = Release;
		};
		5B2AC1F52BD72B0C001FA402 /* Build configuration list for PBXNativeTarget "TravelBookUITests" */ = {
			isa = XCConfigurationList;
			buildConfigurations = (
				5B2AC1F62BD72B0C001FA402 /* Debug */,
				5B2AC1F72BD72B0C001FA402 /* Release */,
			);
			defaultConfigurationIsVisible = 0;
			defaultConfigurationName = Release;
		};
/* End XCConfigurationList section */

/* Begin XCVersionGroup section */
		5B2AC1F82BD74A04001FA402 /* TravelBook.xcdatamodeld */ = {
			isa = XCVersionGroup;
			children = (
				5B2AC1F92BD74A04001FA402 /* TravelBook.xcdatamodel */,
			);
			currentVersion = 5B2AC1F92BD74A04001FA402 /* TravelBook.xcdatamodel */;
			name = TravelBook.xcdatamodeld;
			path = "/Users/blairjordan/Desktop/Taris School/TravelBook/TravelBook/TravelBook.xcdatamodeld";
			sourceTree = "<group>";
			versionGroupType = wrapper.xcdatamodel;
		};
/* End XCVersionGroup section */
	};
	rootObject = 5B2AC1BD2BD72B09001FA402 /* Project object */;
}
