// !$*UTF8*$!
{
	archiveVersion = 1;
	classes = {
	};
	objectVersion = 56;
	objects = {

/* Begin PBXBuildFile section */
		5BE62EC62B9C09B30040C058 /* AppDelegate.swift in Sources */ = {isa = PBXBuildFile; fileRef = 5BE62EC52B9C09B30040C058 /* AppDelegate.swift */; };
		5BE62EC82B9C09B30040C058 /* SceneDelegate.swift in Sources */ = {isa = PBXBuildFile; fileRef = 5BE62EC72B9C09B30040C058 /* SceneDelegate.swift */; };
		5BE62ECA2B9C09B30040C058 /* ViewController.swift in Sources */ = {isa = PBXBuildFile; fileRef = 5BE62EC92B9C09B30040C058 /* ViewController.swift */; };
		5BE62ECD2B9C09B30040C058 /* Main.storyboard in Resources */ = {isa = PBXBuildFile; fileRef = 5BE62ECB2B9C09B30040C058 /* Main.storyboard */; };
		5BE62ECF2B9C09B50040C058 /* Assets.xcassets in Resources */ = {isa = PBXBuildFile; fileRef = 5BE62ECE2B9C09B50040C058 /* Assets.xcassets */; };
		5BE62ED22B9C09B50040C058 /* LaunchScreen.storyboard in Resources */ = {isa = PBXBuildFile; fileRef = 5BE62ED02B9C09B50040C058 /* LaunchScreen.storyboard */; };
		5BE62EDD2B9C09B50040C058 /* Simple_CalculatorTests.swift in Sources */ = {isa = PBXBuildFile; fileRef = 5BE62EDC2B9C09B50040C058 /* Simple_CalculatorTests.swift */; };
		5BE62EE72B9C09B50040C058 /* Simple_CalculatorUITests.swift in Sources */ = {isa = PBXBuildFile; fileRef = 5BE62EE62B9C09B50040C058 /* Simple_CalculatorUITests.swift */; };
		5BE62EE92B9C09B50040C058 /* Simple_CalculatorUITestsLaunchTests.swift in Sources */ = {isa = PBXBuildFile; fileRef = 5BE62EE82B9C09B50040C058 /* Simple_CalculatorUITestsLaunchTests.swift */; };
/* End PBXBuildFile section */

/* Begin PBXContainerItemProxy section */
		5BE62ED92B9C09B50040C058 /* PBXContainerItemProxy */ = {
			isa = PBXContainerItemProxy;
			containerPortal = 5BE62EBA2B9C09B30040C058 /* Project object */;
			proxyType = 1;
			remoteGlobalIDString = 5BE62EC12B9C09B30040C058;
			remoteInfo = "Simple Calculator";
		};
		5BE62EE32B9C09B50040C058 /* PBXContainerItemProxy */ = {
			isa = PBXContainerItemProxy;
			containerPortal = 5BE62EBA2B9C09B30040C058 /* Project object */;
			proxyType = 1;
			remoteGlobalIDString = 5BE62EC12B9C09B30040C058;
			remoteInfo = "Simple Calculator";
		};
/* End PBXContainerItemProxy section */

/* Begin PBXFileReference section */
		5BE62EC22B9C09B30040C058 /* Simple Calculator.app */ = {isa = PBXFileReference; explicitFileType = wrapper.application; includeInIndex = 0; path = "Simple Calculator.app"; sourceTree = BUILT_PRODUCTS_DIR; };
		5BE62EC52B9C09B30040C058 /* AppDelegate.swift */ = {isa = PBXFileReference; lastKnownFileType = sourcecode.swift; path = AppDelegate.swift; sourceTree = "<group>"; };
		5BE62EC72B9C09B30040C058 /* SceneDelegate.swift */ = {isa = PBXFileReference; lastKnownFileType = sourcecode.swift; path = SceneDelegate.swift; sourceTree = "<group>"; };
		5BE62EC92B9C09B30040C058 /* ViewController.swift */ = {isa = PBXFileReference; lastKnownFileType = sourcecode.swift; path = ViewController.swift; sourceTree = "<group>"; };
		5BE62ECC2B9C09B30040C058 /* Base */ = {isa = PBXFileReference; lastKnownFileType = file.storyboard; name = Base; path = Base.lproj/Main.storyboard; sourceTree = "<group>"; };
		5BE62ECE2B9C09B50040C058 /* Assets.xcassets */ = {isa = PBXFileReference; lastKnownFileType = folder.assetcatalog; path = Assets.xcassets; sourceTree = "<group>"; };
		5BE62ED12B9C09B50040C058 /* Base */ = {isa = PBXFileReference; lastKnownFileType = file.storyboard; name = Base; path = Base.lproj/LaunchScreen.storyboard; sourceTree = "<group>"; };
		5BE62ED32B9C09B50040C058 /* Info.plist */ = {isa = PBXFileReference; lastKnownFileType = text.plist.xml; path = Info.plist; sourceTree = "<group>"; };
		5BE62ED82B9C09B50040C058 /* Simple CalculatorTests.xctest */ = {isa = PBXFileReference; explicitFileType = wrapper.cfbundle; includeInIndex = 0; path = "Simple CalculatorTests.xctest"; sourceTree = BUILT_PRODUCTS_DIR; };
		5BE62EDC2B9C09B50040C058 /* Simple_CalculatorTests.swift */ = {isa = PBXFileReference; lastKnownFileType = sourcecode.swift; path = Simple_CalculatorTests.swift; sourceTree = "<group>"; };
		5BE62EE22B9C09B50040C058 /* Simple CalculatorUITests.xctest */ = {isa = PBXFileReference; explicitFileType = wrapper.cfbundle; includeInIndex = 0; path = "Simple CalculatorUITests.xctest"; sourceTree = BUILT_PRODUCTS_DIR; };
		5BE62EE62B9C09B50040C058 /* Simple_CalculatorUITests.swift */ = {isa = PBXFileReference; lastKnownFileType = sourcecode.swift; path = Simple_CalculatorUITests.swift; sourceTree = "<group>"; };
		5BE62EE82B9C09B50040C058 /* Simple_CalculatorUITestsLaunchTests.swift */ = {isa = PBXFileReference; lastKnownFileType = sourcecode.swift; path = Simple_CalculatorUITestsLaunchTests.swift; sourceTree = "<group>"; };
/* End PBXFileReference section */

/* Begin PBXFrameworksBuildPhase section */
		5BE62EBF2B9C09B30040C058 /* Frameworks */ = {
			isa = PBXFrameworksBuildPhase;
			buildActionMask = 2147483647;
			files = (
			);
			runOnlyForDeploymentPostprocessing = 0;
		};
		5BE62ED52B9C09B50040C058 /* Frameworks */ = {
			isa = PBXFrameworksBuildPhase;
			buildActionMask = 2147483647;
			files = (
			);
			runOnlyForDeploymentPostprocessing = 0;
		};
		5BE62EDF2B9C09B50040C058 /* Frameworks */ = {
			isa = PBXFrameworksBuildPhase;
			buildActionMask = 2147483647;
			files = (
			);
			runOnlyForDeploymentPostprocessing = 0;
		};
/* End PBXFrameworksBuildPhase section */

/* Begin PBXGroup section */
		5BE62EB92B9C09B30040C058 = {
			isa = PBXGroup;
			children = (
				5BE62EC42B9C09B30040C058 /* Simple Calculator */,
				5BE62EDB2B9C09B50040C058 /* Simple CalculatorTests */,
				5BE62EE52B9C09B50040C058 /* Simple CalculatorUITests */,
				5BE62EC32B9C09B30040C058 /* Products */,
			);
			sourceTree = "<group>";
		};
		5BE62EC32B9C09B30040C058 /* Products */ = {
			isa = PBXGroup;
			children = (
				5BE62EC22B9C09B30040C058 /* Simple Calculator.app */,
				5BE62ED82B9C09B50040C058 /* Simple CalculatorTests.xctest */,
				5BE62EE22B9C09B50040C058 /* Simple CalculatorUITests.xctest */,
			);
			name = Products;
			sourceTree = "<group>";
		};
		5BE62EC42B9C09B30040C058 /* Simple Calculator */ = {
			isa = PBXGroup;
			children = (
				5BE62EC52B9C09B30040C058 /* AppDelegate.swift */,
				5BE62EC72B9C09B30040C058 /* SceneDelegate.swift */,
				5BE62EC92B9C09B30040C058 /* ViewController.swift */,
				5BE62ECB2B9C09B30040C058 /* Main.storyboard */,
				5BE62ECE2B9C09B50040C058 /* Assets.xcassets */,
				5BE62ED02B9C09B50040C058 /* LaunchScreen.storyboard */,
				5BE62ED32B9C09B50040C058 /* Info.plist */,
			);
			path = "Simple Calculator";
			sourceTree = "<group>";
		};
		5BE62EDB2B9C09B50040C058 /* Simple CalculatorTests */ = {
			isa = PBXGroup;
			children = (
				5BE62EDC2B9C09B50040C058 /* Simple_CalculatorTests.swift */,
			);
			path = "Simple CalculatorTests";
			sourceTree = "<group>";
		};
		5BE62EE52B9C09B50040C058 /* Simple CalculatorUITests */ = {
			isa = PBXGroup;
			children = (
				5BE62EE62B9C09B50040C058 /* Simple_CalculatorUITests.swift */,
				5BE62EE82B9C09B50040C058 /* Simple_CalculatorUITestsLaunchTests.swift */,
			);
			path = "Simple CalculatorUITests";
			sourceTree = "<group>";
		};
/* End PBXGroup section */

/* Begin PBXNativeTarget section */
		5BE62EC12B9C09B30040C058 /* Simple Calculator */ = {
			isa = PBXNativeTarget;
			buildConfigurationList = 5BE62EEC2B9C09B50040C058 /* Build configuration list for PBXNativeTarget "Simple Calculator" */;
			buildPhases = (
				5BE62EBE2B9C09B30040C058 /* Sources */,
				5BE62EBF2B9C09B30040C058 /* Frameworks */,
				5BE62EC02B9C09B30040C058 /* Resources */,
			);
			buildRules = (
			);
			dependencies = (
			);
			name = "Simple Calculator";
			productName = "Simple Calculator";
			productReference = 5BE62EC22B9C09B30040C058 /* Simple Calculator.app */;
			productType = "com.apple.product-type.application";
		};
		5BE62ED72B9C09B50040C058 /* Simple CalculatorTests */ = {
			isa = PBXNativeTarget;
			buildConfigurationList = 5BE62EEF2B9C09B50040C058 /* Build configuration list for PBXNativeTarget "Simple CalculatorTests" */;
			buildPhases = (
				5BE62ED42B9C09B50040C058 /* Sources */,
				5BE62ED52B9C09B50040C058 /* Frameworks */,
				5BE62ED62B9C09B50040C058 /* Resources */,
			);
			buildRules = (
			);
			dependencies = (
				5BE62EDA2B9C09B50040C058 /* PBXTargetDependency */,
			);
			name = "Simple CalculatorTests";
			productName = "Simple CalculatorTests";
			productReference = 5BE62ED82B9C09B50040C058 /* Simple CalculatorTests.xctest */;
			productType = "com.apple.product-type.bundle.unit-test";
		};
		5BE62EE12B9C09B50040C058 /* Simple CalculatorUITests */ = {
			isa = PBXNativeTarget;
			buildConfigurationList = 5BE62EF22B9C09B50040C058 /* Build configuration list for PBXNativeTarget "Simple CalculatorUITests" */;
			buildPhases = (
				5BE62EDE2B9C09B50040C058 /* Sources */,
				5BE62EDF2B9C09B50040C058 /* Frameworks */,
				5BE62EE02B9C09B50040C058 /* Resources */,
			);
			buildRules = (
			);
			dependencies = (
				5BE62EE42B9C09B50040C058 /* PBXTargetDependency */,
			);
			name = "Simple CalculatorUITests";
			productName = "Simple CalculatorUITests";
			productReference = 5BE62EE22B9C09B50040C058 /* Simple CalculatorUITests.xctest */;
			productType = "com.apple.product-type.bundle.ui-testing";
		};
/* End PBXNativeTarget section */

/* Begin PBXProject section */
		5BE62EBA2B9C09B30040C058 /* Project object */ = {
			isa = PBXProject;
			attributes = {
				BuildIndependentTargetsInParallel = 1;
				LastSwiftUpdateCheck = 1520;
				LastUpgradeCheck = 1520;
				TargetAttributes = {
					5BE62EC12B9C09B30040C058 = {
						CreatedOnToolsVersion = 15.2;
					};
					5BE62ED72B9C09B50040C058 = {
						CreatedOnToolsVersion = 15.2;
						TestTargetID = 5BE62EC12B9C09B30040C058;
					};
					5BE62EE12B9C09B50040C058 = {
						CreatedOnToolsVersion = 15.2;
						TestTargetID = 5BE62EC12B9C09B30040C058;
					};
				};
			};
			buildConfigurationList = 5BE62EBD2B9C09B30040C058 /* Build configuration list for PBXProject "Simple Calculator" */;
			compatibilityVersion = "Xcode 14.0";
			developmentRegion = en;
			hasScannedForEncodings = 0;
			knownRegions = (
				en,
				Base,
			);
			mainGroup = 5BE62EB92B9C09B30040C058;
			productRefGroup = 5BE62EC32B9C09B30040C058 /* Products */;
			projectDirPath = "";
			projectRoot = "";
			targets = (
				5BE62EC12B9C09B30040C058 /* Simple Calculator */,
				5BE62ED72B9C09B50040C058 /* Simple CalculatorTests */,
				5BE62EE12B9C09B50040C058 /* Simple CalculatorUITests */,
			);
		};
/* End PBXProject section */

/* Begin PBXResourcesBuildPhase section */
		5BE62EC02B9C09B30040C058 /* Resources */ = {
			isa = PBXResourcesBuildPhase;
			buildActionMask = 2147483647;
			files = (
				5BE62ED22B9C09B50040C058 /* LaunchScreen.storyboard in Resources */,
				5BE62ECF2B9C09B50040C058 /* Assets.xcassets in Resources */,
				5BE62ECD2B9C09B30040C058 /* Main.storyboard in Resources */,
			);
			runOnlyForDeploymentPostprocessing = 0;
		};
		5BE62ED62B9C09B50040C058 /* Resources */ = {
			isa = PBXResourcesBuildPhase;
			buildActionMask = 2147483647;
			files = (
			);
			runOnlyForDeploymentPostprocessing = 0;
		};
		5BE62EE02B9C09B50040C058 /* Resources */ = {
			isa = PBXResourcesBuildPhase;
			buildActionMask = 2147483647;
			files = (
			);
			runOnlyForDeploymentPostprocessing = 0;
		};
/* End PBXResourcesBuildPhase section */

/* Begin PBXSourcesBuildPhase section */
		5BE62EBE2B9C09B30040C058 /* Sources */ = {
			isa = PBXSourcesBuildPhase;
			buildActionMask = 2147483647;
			files = (
				5BE62ECA2B9C09B30040C058 /* ViewController.swift in Sources */,
				5BE62EC62B9C09B30040C058 /* AppDelegate.swift in Sources */,
				5BE62EC82B9C09B30040C058 /* SceneDelegate.swift in Sources */,
			);
			runOnlyForDeploymentPostprocessing = 0;
		};
		5BE62ED42B9C09B50040C058 /* Sources */ = {
			isa = PBXSourcesBuildPhase;
			buildActionMask = 2147483647;
			files = (
				5BE62EDD2B9C09B50040C058 /* Simple_CalculatorTests.swift in Sources */,
			);
			runOnlyForDeploymentPostprocessing = 0;
		};
		5BE62EDE2B9C09B50040C058 /* Sources */ = {
			isa = PBXSourcesBuildPhase;
			buildActionMask = 2147483647;
			files = (
				5BE62EE92B9C09B50040C058 /* Simple_CalculatorUITestsLaunchTests.swift in Sources */,
				5BE62EE72B9C09B50040C058 /* Simple_CalculatorUITests.swift in Sources */,
			);
			runOnlyForDeploymentPostprocessing = 0;
		};
/* End PBXSourcesBuildPhase section */

/* Begin PBXTargetDependency section */
		5BE62EDA2B9C09B50040C058 /* PBXTargetDependency */ = {
			isa = PBXTargetDependency;
			target = 5BE62EC12B9C09B30040C058 /* Simple Calculator */;
			targetProxy = 5BE62ED92B9C09B50040C058 /* PBXContainerItemProxy */;
		};
		5BE62EE42B9C09B50040C058 /* PBXTargetDependency */ = {
			isa = PBXTargetDependency;
			target = 5BE62EC12B9C09B30040C058 /* Simple Calculator */;
			targetProxy = 5BE62EE32B9C09B50040C058 /* PBXContainerItemProxy */;
		};
/* End PBXTargetDependency section */

/* Begin PBXVariantGroup section */
		5BE62ECB2B9C09B30040C058 /* Main.storyboard */ = {
			isa = PBXVariantGroup;
			children = (
				5BE62ECC2B9C09B30040C058 /* Base */,
			);
			name = Main.storyboard;
			sourceTree = "<group>";
		};
		5BE62ED02B9C09B50040C058 /* LaunchScreen.storyboard */ = {
			isa = PBXVariantGroup;
			children = (
				5BE62ED12B9C09B50040C058 /* Base */,
			);
			name = LaunchScreen.storyboard;
			sourceTree = "<group>";
		};
/* End PBXVariantGroup section */

/* Begin XCBuildConfiguration section */
		5BE62EEA2B9C09B50040C058 /* Debug */ = {
			isa = XCBuildConfiguration;
			buildSettings = {
				ALWAYS_SEARCH_USER_PATHS = NO;
				ASSETCATALOG_COMPILER_GENERATE_SWIFT_ASSET_SYMBOL_EXTENSIONS = YES;
				CLANG_ANALYZER_NONNULL = YES;
				CLANG_ANALYZER_NUMBER_OBJECT_CONVERSION = YES_AGGRESSIVE;
				CLANG_CXX_LANGUAGE_STANDARD = "gnu++20";
				CLANG_ENABLE_MODULES = YES;
				CLANG_ENABLE_OBJC_ARC = YES;
				CLANG_ENABLE_OBJC_WEAK = YES;
				CLANG_WARN_BLOCK_CAPTURE_AUTORELEASING = YES;
				CLANG_WARN_BOOL_CONVERSION = YES;
				CLANG_WARN_COMMA = YES;
				CLANG_WARN_CONSTANT_CONVERSION = YES;
				CLANG_WARN_DEPRECATED_OBJC_IMPLEMENTATIONS = YES;
				CLANG_WARN_DIRECT_OBJC_ISA_USAGE = YES_ERROR;
				CLANG_WARN_DOCUMENTATION_COMMENTS = YES;
				CLANG_WARN_EMPTY_BODY = YES;
				CLANG_WARN_ENUM_CONVERSION = YES;
				CLANG_WARN_INFINITE_RECURSION = YES;
				CLANG_WARN_INT_CONVERSION = YES;
				CLANG_WARN_NON_LITERAL_NULL_CONVERSION = YES;
				CLANG_WARN_OBJC_IMPLICIT_RETAIN_SELF = YES;
				CLANG_WARN_OBJC_LITERAL_CONVERSION = YES;
				CLANG_WARN_OBJC_ROOT_CLASS = YES_ERROR;
				CLANG_WARN_QUOTED_INCLUDE_IN_FRAMEWORK_HEADER = YES;
				CLANG_WARN_RANGE_LOOP_ANALYSIS = YES;
				CLANG_WARN_STRICT_PROTOTYPES = YES;
				CLANG_WARN_SUSPICIOUS_MOVE = YES;
				CLANG_WARN_UNGUARDED_AVAILABILITY = YES_AGGRESSIVE;
				CLANG_WARN_UNREACHABLE_CODE = YES;
				CLANG_WARN__DUPLICATE_METHOD_MATCH = YES;
				COPY_PHASE_STRIP = NO;
				DEBUG_INFORMATION_FORMAT = dwarf;
				ENABLE_STRICT_OBJC_MSGSEND = YES;
				ENABLE_TESTABILITY = YES;
				ENABLE_USER_SCRIPT_SANDBOXING = YES;
				GCC_C_LANGUAGE_STANDARD = gnu17;
				GCC_DYNAMIC_NO_PIC = NO;
				GCC_NO_COMMON_BLOCKS = YES;
				GCC_OPTIMIZATION_LEVEL = 0;
				GCC_PREPROCESSOR_DEFINITIONS = (
					"DEBUG=1",
					"$(inherited)",
				);
				GCC_WARN_64_TO_32_BIT_CONVERSION = YES;
				GCC_WARN_ABOUT_RETURN_TYPE = YES_ERROR;
				GCC_WARN_UNDECLARED_SELECTOR = YES;
				GCC_WARN_UNINITIALIZED_AUTOS = YES_AGGRESSIVE;
				GCC_WARN_UNUSED_FUNCTION = YES;
				GCC_WARN_UNUSED_VARIABLE = YES;
				IPHONEOS_DEPLOYMENT_TARGET = 17.2;
				LOCALIZATION_PREFERS_STRING_CATALOGS = YES;
				MTL_ENABLE_DEBUG_INFO = INCLUDE_SOURCE;
				MTL_FAST_MATH = YES;
				ONLY_ACTIVE_ARCH = YES;
				SDKROOT = iphoneos;
				SWIFT_ACTIVE_COMPILATION_CONDITIONS = "DEBUG $(inherited)";
				SWIFT_OPTIMIZATION_LEVEL = "-Onone";
			};
			name = Debug;
		};
		5BE62EEB2B9C09B50040C058 /* Release */ = {
			isa = XCBuildConfiguration;
			buildSettings = {
				ALWAYS_SEARCH_USER_PATHS = NO;
				ASSETCATALOG_COMPILER_GENERATE_SWIFT_ASSET_SYMBOL_EXTENSIONS = YES;
				CLANG_ANALYZER_NONNULL = YES;
				CLANG_ANALYZER_NUMBER_OBJECT_CONVERSION = YES_AGGRESSIVE;
				CLANG_CXX_LANGUAGE_STANDARD = "gnu++20";
				CLANG_ENABLE_MODULES = YES;
				CLANG_ENABLE_OBJC_ARC = YES;
				CLANG_ENABLE_OBJC_WEAK = YES;
				CLANG_WARN_BLOCK_CAPTURE_AUTORELEASING = YES;
				CLANG_WARN_BOOL_CONVERSION = YES;
				CLANG_WARN_COMMA = YES;
				CLANG_WARN_CONSTANT_CONVERSION = YES;
				CLANG_WARN_DEPRECATED_OBJC_IMPLEMENTATIONS = YES;
				CLANG_WARN_DIRECT_OBJC_ISA_USAGE = YES_ERROR;
				CLANG_WARN_DOCUMENTATION_COMMENTS = YES;
				CLANG_WARN_EMPTY_BODY = YES;
				CLANG_WARN_ENUM_CONVERSION = YES;
				CLANG_WARN_INFINITE_RECURSION = YES;
				CLANG_WARN_INT_CONVERSION = YES;
				CLANG_WARN_NON_LITERAL_NULL_CONVERSION = YES;
				CLANG_WARN_OBJC_IMPLICIT_RETAIN_SELF = YES;
				CLANG_WARN_OBJC_LITERAL_CONVERSION = YES;
				CLANG_WARN_OBJC_ROOT_CLASS = YES_ERROR;
				CLANG_WARN_QUOTED_INCLUDE_IN_FRAMEWORK_HEADER = YES;
				CLANG_WARN_RANGE_LOOP_ANALYSIS = YES;
				CLANG_WARN_STRICT_PROTOTYPES = YES;
				CLANG_WARN_SUSPICIOUS_MOVE = YES;
				CLANG_WARN_UNGUARDED_AVAILABILITY = YES_AGGRESSIVE;
				CLANG_WARN_UNREACHABLE_CODE = YES;
				CLANG_WARN__DUPLICATE_METHOD_MATCH = YES;
				COPY_PHASE_STRIP = NO;
				DEBUG_INFORMATION_FORMAT = "dwarf-with-dsym";
				ENABLE_NS_ASSERTIONS = NO;
				ENABLE_STRICT_OBJC_MSGSEND = YES;
				ENABLE_USER_SCRIPT_SANDBOXING = YES;
				GCC_C_LANGUAGE_STANDARD = gnu17;
				GCC_NO_COMMON_BLOCKS = YES;
				GCC_WARN_64_TO_32_BIT_CONVERSION = YES;
				GCC_WARN_ABOUT_RETURN_TYPE = YES_ERROR;
				GCC_WARN_UNDECLARED_SELECTOR = YES;
				GCC_WARN_UNINITIALIZED_AUTOS = YES_AGGRESSIVE;
				GCC_WARN_UNUSED_FUNCTION = YES;
				GCC_WARN_UNUSED_VARIABLE = YES;
				IPHONEOS_DEPLOYMENT_TARGET = 17.2;
				LOCALIZATION_PREFERS_STRING_CATALOGS = YES;
				MTL_ENABLE_DEBUG_INFO = NO;
				MTL_FAST_MATH = YES;
				SDKROOT = iphoneos;
				SWIFT_COMPILATION_MODE = wholemodule;
				VALIDATE_PRODUCT = YES;
			};
			name = Release;
		};
		5BE62EED2B9C09B50040C058 /* Debug */ = {
			isa = XCBuildConfiguration;
			buildSettings = {
				ASSETCATALOG_COMPILER_APPICON_NAME = AppIcon;
				ASSETCATALOG_COMPILER_GLOBAL_ACCENT_COLOR_NAME = AccentColor;
				CODE_SIGN_STYLE = Automatic;
				CURRENT_PROJECT_VERSION = 1;
				GENERATE_INFOPLIST_FILE = YES;
				INFOPLIST_FILE = "Simple Calculator/Info.plist";
				INFOPLIST_KEY_UIApplicationSupportsIndirectInputEvents = YES;
				INFOPLIST_KEY_UILaunchStoryboardName = LaunchScreen;
				INFOPLIST_KEY_UIMainStoryboardFile = Main;
				INFOPLIST_KEY_UISupportedInterfaceOrientations_iPad = "UIInterfaceOrientationPortrait UIInterfaceOrientationPortraitUpsideDown UIInterfaceOrientationLandscapeLeft UIInterfaceOrientationLandscapeRight";
				INFOPLIST_KEY_UISupportedInterfaceOrientations_iPhone = "UIInterfaceOrientationPortrait UIInterfaceOrientationLandscapeLeft UIInterfaceOrientationLandscapeRight";
				LD_RUNPATH_SEARCH_PATHS = (
					"$(inherited)",
					"@executable_path/Frameworks",
				);
				MARKETING_VERSION = 1.0;
				PRODUCT_BUNDLE_IDENTIFIER = "MSSU.Simple-Calculator";
				PRODUCT_NAME = "$(TARGET_NAME)";
				SWIFT_EMIT_LOC_STRINGS = YES;
				SWIFT_VERSION = 5.0;
				TARGETED_DEVICE_FAMILY = "1,2";
			};
			name = Debug;
		};
		5BE62EEE2B9C09B50040C058 /* Release */ = {
			isa = XCBuildConfiguration;
			buildSettings = {
				ASSETCATALOG_COMPILER_APPICON_NAME = AppIcon;
				ASSETCATALOG_COMPILER_GLOBAL_ACCENT_COLOR_NAME = AccentColor;
				CODE_SIGN_STYLE = Automatic;
				CURRENT_PROJECT_VERSION = 1;
				GENERATE_INFOPLIST_FILE = YES;
				INFOPLIST_FILE = "Simple Calculator/Info.plist";
				INFOPLIST_KEY_UIApplicationSupportsIndirectInputEvents = YES;
				INFOPLIST_KEY_UILaunchStoryboardName = LaunchScreen;
				INFOPLIST_KEY_UIMainStoryboardFile = Main;
				INFOPLIST_KEY_UISupportedInterfaceOrientations_iPad = "UIInterfaceOrientationPortrait UIInterfaceOrientationPortraitUpsideDown UIInterfaceOrientationLandscapeLeft UIInterfaceOrientationLandscapeRight";
				INFOPLIST_KEY_UISupportedInterfaceOrientations_iPhone = "UIInterfaceOrientationPortrait UIInterfaceOrientationLandscapeLeft UIInterfaceOrientationLandscapeRight";
				LD_RUNPATH_SEARCH_PATHS = (
					"$(inherited)",
					"@executable_path/Frameworks",
				);
				MARKETING_VERSION = 1.0;
				PRODUCT_BUNDLE_IDENTIFIER = "MSSU.Simple-Calculator";
				PRODUCT_NAME = "$(TARGET_NAME)";
				SWIFT_EMIT_LOC_STRINGS = YES;
				SWIFT_VERSION = 5.0;
				TARGETED_DEVICE_FAMILY = "1,2";
			};
			name = Release;
		};
		5BE62EF02B9C09B50040C058 /* Debug */ = {
			isa = XCBuildConfiguration;
			buildSettings = {
				ALWAYS_EMBED_SWIFT_STANDARD_LIBRARIES = YES;
				BUNDLE_LOADER = "$(TEST_HOST)";
				CODE_SIGN_STYLE = Automatic;
				CURRENT_PROJECT_VERSION = 1;
				GENERATE_INFOPLIST_FILE = YES;
				IPHONEOS_DEPLOYMENT_TARGET = 17.2;
				MARKETING_VERSION = 1.0;
				PRODUCT_BUNDLE_IDENTIFIER = "MSSU.Simple-CalculatorTests";
				PRODUCT_NAME = "$(TARGET_NAME)";
				SWIFT_EMIT_LOC_STRINGS = NO;
				SWIFT_VERSION = 5.0;
				TARGETED_DEVICE_FAMILY = "1,2";
				TEST_HOST = "$(BUILT_PRODUCTS_DIR)/Simple Calculator.app/$(BUNDLE_EXECUTABLE_FOLDER_PATH)/Simple Calculator";
			};
			name = Debug;
		};
		5BE62EF12B9C09B50040C058 /* Release */ = {
			isa = XCBuildConfiguration;
			buildSettings = {
				ALWAYS_EMBED_SWIFT_STANDARD_LIBRARIES = YES;
				BUNDLE_LOADER = "$(TEST_HOST)";
				CODE_SIGN_STYLE = Automatic;
				CURRENT_PROJECT_VERSION = 1;
				GENERATE_INFOPLIST_FILE = YES;
				IPHONEOS_DEPLOYMENT_TARGET = 17.2;
				MARKETING_VERSION = 1.0;
				PRODUCT_BUNDLE_IDENTIFIER = "MSSU.Simple-CalculatorTests";
				PRODUCT_NAME = "$(TARGET_NAME)";
				SWIFT_EMIT_LOC_STRINGS = NO;
				SWIFT_VERSION = 5.0;
				TARGETED_DEVICE_FAMILY = "1,2";
				TEST_HOST = "$(BUILT_PRODUCTS_DIR)/Simple Calculator.app/$(BUNDLE_EXECUTABLE_FOLDER_PATH)/Simple Calculator";
			};
			name = Release;
		};
		5BE62EF32B9C09B50040C058 /* Debug */ = {
			isa = XCBuildConfiguration;
			buildSettings = {
				ALWAYS_EMBED_SWIFT_STANDARD_LIBRARIES = YES;
				CODE_SIGN_STYLE = Automatic;
				CURRENT_PROJECT_VERSION = 1;
				GENERATE_INFOPLIST_FILE = YES;
				MARKETING_VERSION = 1.0;
				PRODUCT_BUNDLE_IDENTIFIER = "MSSU.Simple-CalculatorUITests";
				PRODUCT_NAME = "$(TARGET_NAME)";
				SWIFT_EMIT_LOC_STRINGS = NO;
				SWIFT_VERSION = 5.0;
				TARGETED_DEVICE_FAMILY = "1,2";
				TEST_TARGET_NAME = "Simple Calculator";
			};
			name = Debug;
		};
		5BE62EF42B9C09B50040C058 /* Release */ = {
			isa = XCBuildConfiguration;
			buildSettings = {
				ALWAYS_EMBED_SWIFT_STANDARD_LIBRARIES = YES;
				CODE_SIGN_STYLE = Automatic;
				CURRENT_PROJECT_VERSION = 1;
				GENERATE_INFOPLIST_FILE = YES;
				MARKETING_VERSION = 1.0;
				PRODUCT_BUNDLE_IDENTIFIER = "MSSU.Simple-CalculatorUITests";
				PRODUCT_NAME = "$(TARGET_NAME)";
				SWIFT_EMIT_LOC_STRINGS = NO;
				SWIFT_VERSION = 5.0;
				TARGETED_DEVICE_FAMILY = "1,2";
				TEST_TARGET_NAME = "Simple Calculator";
			};
			name = Release;
		};
/* End XCBuildConfiguration section */

/* Begin XCConfigurationList section */
		5BE62EBD2B9C09B30040C058 /* Build configuration list for PBXProject "Simple Calculator" */ = {
			isa = XCConfigurationList;
			buildConfigurations = (
				5BE62EEA2B9C09B50040C058 /* Debug */,
				5BE62EEB2B9C09B50040C058 /* Release */,
			);
			defaultConfigurationIsVisible = 0;
			defaultConfigurationName = Release;
		};
		5BE62EEC2B9C09B50040C058 /* Build configuration list for PBXNativeTarget "Simple Calculator" */ = {
			isa = XCConfigurationList;
			buildConfigurations = (
				5BE62EED2B9C09B50040C058 /* Debug */,
				5BE62EEE2B9C09B50040C058 /* Release */,
			);
			defaultConfigurationIsVisible = 0;
			defaultConfigurationName = Release;
		};
		5BE62EEF2B9C09B50040C058 /* Build configuration list for PBXNativeTarget "Simple CalculatorTests" */ = {
			isa = XCConfigurationList;
			buildConfigurations = (
				5BE62EF02B9C09B50040C058 /* Debug */,
				5BE62EF12B9C09B50040C058 /* Release */,
			);
			defaultConfigurationIsVisible = 0;
			defaultConfigurationName = Release;
		};
		5BE62EF22B9C09B50040C058 /* Build configuration list for PBXNativeTarget "Simple CalculatorUITests" */ = {
			isa = XCConfigurationList;
			buildConfigurations = (
				5BE62EF32B9C09B50040C058 /* Debug */,
				5BE62EF42B9C09B50040C058 /* Release */,
			);
			defaultConfigurationIsVisible = 0;
			defaultConfigurationName = Release;
		};
/* End XCConfigurationList section */
	};
	rootObject = 5BE62EBA2B9C09B30040C058 /* Project object */;
}
